// !$*UTF8*$!
{
	archiveVersion = 1;
	classes = {
	};
	objectVersion = 46;
	objects = {

/* Begin PBXBuildFile section */
		410043D9733188293DFE6FAE /* libPods-TimeLock_ios.a in Frameworks */ = {isa = PBXBuildFile; fileRef = 67A18EA854D8B86ABB749E27 /* libPods-TimeLock_ios.a */; };
		84097FE41CDCD9C80050FCE6 /* EmptyScreenView.xib in Resources */ = {isa = PBXBuildFile; fileRef = 84097FE31CDCD9C80050FCE6 /* EmptyScreenView.xib */; };
		84097FE81CDCDAC30050FCE6 /* ic_arrow_down.png in Resources */ = {isa = PBXBuildFile; fileRef = 84097FE51CDCDAC30050FCE6 /* ic_arrow_down.png */; };
		84097FE91CDCDAC30050FCE6 /* ic_arrow_down@2x.png in Resources */ = {isa = PBXBuildFile; fileRef = 84097FE61CDCDAC30050FCE6 /* ic_arrow_down@2x.png */; };
		84097FEA1CDCDAC30050FCE6 /* ic_arrow_down@3x.png in Resources */ = {isa = PBXBuildFile; fileRef = 84097FE71CDCDAC30050FCE6 /* ic_arrow_down@3x.png */; };
		84097FEE1CDCDB640050FCE6 /* ic_sad_smile.png in Resources */ = {isa = PBXBuildFile; fileRef = 84097FEB1CDCDB640050FCE6 /* ic_sad_smile.png */; };
		84097FEF1CDCDB640050FCE6 /* ic_sad_smile@2x.png in Resources */ = {isa = PBXBuildFile; fileRef = 84097FEC1CDCDB640050FCE6 /* ic_sad_smile@2x.png */; };
		84097FF01CDCDB640050FCE6 /* ic_sad_smile@3x.png in Resources */ = {isa = PBXBuildFile; fileRef = 84097FED1CDCDB640050FCE6 /* ic_sad_smile@3x.png */; };
		84097FF31CDCDDE90050FCE6 /* EmptyScreenView.m in Sources */ = {isa = PBXBuildFile; fileRef = 84097FF21CDCDDE80050FCE6 /* EmptyScreenView.m */; };
		84097FF71CDCE4E70050FCE6 /* UIRefreshControl+Utils.m in Sources */ = {isa = PBXBuildFile; fileRef = 84097FF61CDCE4E70050FCE6 /* UIRefreshControl+Utils.m */; };
		8446AB111CD8B10B002B0C9C /* DataStorageManager.m in Sources */ = {isa = PBXBuildFile; fileRef = 8446AB101CD8B10B002B0C9C /* DataStorageManager.m */; };
		8446AB171CD8B31C002B0C9C /* NSDictionary+SafeGetters.m in Sources */ = {isa = PBXBuildFile; fileRef = 8446AB161CD8B31C002B0C9C /* NSDictionary+SafeGetters.m */; };
		8446AB201CD8B52E002B0C9C /* User+CoreDataProperties.m in Sources */ = {isa = PBXBuildFile; fileRef = 8446AB191CD8B52E002B0C9C /* User+CoreDataProperties.m */; };
		8446AB211CD8B52E002B0C9C /* User.m in Sources */ = {isa = PBXBuildFile; fileRef = 8446AB1B1CD8B52E002B0C9C /* User.m */; };
		8446AB281CD8B58F002B0C9C /* Post+CoreDataProperties.m in Sources */ = {isa = PBXBuildFile; fileRef = 8446AB251CD8B58F002B0C9C /* Post+CoreDataProperties.m */; };
		8446AB291CD8B58F002B0C9C /* Post.m in Sources */ = {isa = PBXBuildFile; fileRef = 8446AB271CD8B58F002B0C9C /* Post.m */; };
		8446AB2F1CD8B5EA002B0C9C /* DataStorageManager+User.m in Sources */ = {isa = PBXBuildFile; fileRef = 8446AB2E1CD8B5EA002B0C9C /* DataStorageManager+User.m */; };
		8446AB321CD8B5FE002B0C9C /* DataStorageManager+Post.m in Sources */ = {isa = PBXBuildFile; fileRef = 8446AB311CD8B5FE002B0C9C /* DataStorageManager+Post.m */; };
		8446AB361CD8C745002B0C9C /* TLNetworkManager+Post.m in Sources */ = {isa = PBXBuildFile; fileRef = 8446AB351CD8C745002B0C9C /* TLNetworkManager+Post.m */; };
		8446AB3B1CD8F949002B0C9C /* PostTableViewCell.m in Sources */ = {isa = PBXBuildFile; fileRef = 8446AB391CD8F949002B0C9C /* PostTableViewCell.m */; };
		8446AB3C1CD8F949002B0C9C /* PostTableViewCell.xib in Resources */ = {isa = PBXBuildFile; fileRef = 8446AB3A1CD8F949002B0C9C /* PostTableViewCell.xib */; };
		8446AB401CD91231002B0C9C /* UIRefreshControl+Animation.m in Sources */ = {isa = PBXBuildFile; fileRef = 8446AB3F1CD91231002B0C9C /* UIRefreshControl+Animation.m */; };
		8446AB431CD9252A002B0C9C /* profileTopCellImage.jpg in Resources */ = {isa = PBXBuildFile; fileRef = 8446AB421CD9252A002B0C9C /* profileTopCellImage.jpg */; };
		8446AB481CD9260A002B0C9C /* TopProfileTableViewCell.m in Sources */ = {isa = PBXBuildFile; fileRef = 8446AB461CD9260A002B0C9C /* TopProfileTableViewCell.m */; };
		8446AB491CD9260A002B0C9C /* TopProfileTableViewCell.xib in Resources */ = {isa = PBXBuildFile; fileRef = 8446AB471CD9260A002B0C9C /* TopProfileTableViewCell.xib */; };
		8446AB4D1CD92625002B0C9C /* ProfileSettingsTableViewCell.m in Sources */ = {isa = PBXBuildFile; fileRef = 8446AB4B1CD92625002B0C9C /* ProfileSettingsTableViewCell.m */; };
		8446AB4E1CD92625002B0C9C /* ProfileSettingsTableViewCell.xib in Resources */ = {isa = PBXBuildFile; fileRef = 8446AB4C1CD92625002B0C9C /* ProfileSettingsTableViewCell.xib */; };
		8446AB521CD936FB002B0C9C /* TableViewButton.m in Sources */ = {isa = PBXBuildFile; fileRef = 8446AB511CD936FB002B0C9C /* TableViewButton.m */; };
		8448A97C1CD611AA008E4AE1 /* TLUtils.m in Sources */ = {isa = PBXBuildFile; fileRef = 8448A97B1CD611AA008E4AE1 /* TLUtils.m */; };
		844F94521CDE24D80033647F /* UserViewController.m in Sources */ = {isa = PBXBuildFile; fileRef = 844F94501CDE24D80033647F /* UserViewController.m */; };
		844F94531CDE24D80033647F /* UserViewController.xib in Resources */ = {isa = PBXBuildFile; fileRef = 844F94511CDE24D80033647F /* UserViewController.xib */; };
		844F94591CDE324B0033647F /* UserTopTableViewCell.m in Sources */ = {isa = PBXBuildFile; fileRef = 844F94571CDE324B0033647F /* UserTopTableViewCell.m */; };
		844F945A1CDE324B0033647F /* UserTopTableViewCell.xib in Resources */ = {isa = PBXBuildFile; fileRef = 844F94581CDE324B0033647F /* UserTopTableViewCell.xib */; };
		844F945E1CDE32620033647F /* UserFullNameTableViewCell.m in Sources */ = {isa = PBXBuildFile; fileRef = 844F945C1CDE32620033647F /* UserFullNameTableViewCell.m */; };
		844F945F1CDE32620033647F /* UserFullNameTableViewCell.xib in Resources */ = {isa = PBXBuildFile; fileRef = 844F945D1CDE32620033647F /* UserFullNameTableViewCell.xib */; };
		844F94681CDE36110033647F /* TLNetworkManager+User.m in Sources */ = {isa = PBXBuildFile; fileRef = 844F94671CDE36110033647F /* TLNetworkManager+User.m */; };
		844F946C1CDE3FE20033647F /* UserCompanyTableViewCell.m in Sources */ = {isa = PBXBuildFile; fileRef = 844F946A1CDE3FE20033647F /* UserCompanyTableViewCell.m */; };
		844F946D1CDE3FE20033647F /* UserCompanyTableViewCell.xib in Resources */ = {isa = PBXBuildFile; fileRef = 844F946B1CDE3FE20033647F /* UserCompanyTableViewCell.xib */; };
		847D5D3E1CE6206A009157EE /* TLNetworkManager+Checkin.m in Sources */ = {isa = PBXBuildFile; fileRef = 847D5D3D1CE6206A009157EE /* TLNetworkManager+Checkin.m */; };
		847D5D411CE62289009157EE /* DataStorageManager+Checkin.m in Sources */ = {isa = PBXBuildFile; fileRef = 847D5D401CE62289009157EE /* DataStorageManager+Checkin.m */; };
		847D5D4A1CE63B39009157EE /* Checkin+CoreDataProperties.m in Sources */ = {isa = PBXBuildFile; fileRef = 847D5D431CE63B39009157EE /* Checkin+CoreDataProperties.m */; };
		847D5D4B1CE63B39009157EE /* Checkin.m in Sources */ = {isa = PBXBuildFile; fileRef = 847D5D451CE63B39009157EE /* Checkin.m */; };
		847D5D4C1CE63B39009157EE /* Note+CoreDataProperties.m in Sources */ = {isa = PBXBuildFile; fileRef = 847D5D471CE63B39009157EE /* Note+CoreDataProperties.m */; };
		847D5D4D1CE63B39009157EE /* Note.m in Sources */ = {isa = PBXBuildFile; fileRef = 847D5D491CE63B39009157EE /* Note.m */; };
		847D5D521CE676E5009157EE /* ic_arrow_left@2x.png in Resources */ = {isa = PBXBuildFile; fileRef = 847D5D4E1CE676E5009157EE /* ic_arrow_left@2x.png */; };
		847D5D531CE676E5009157EE /* ic_arrow_left@3x.png in Resources */ = {isa = PBXBuildFile; fileRef = 847D5D4F1CE676E5009157EE /* ic_arrow_left@3x.png */; };
		847D5D541CE676E5009157EE /* ic_arrow_right@2x.png in Resources */ = {isa = PBXBuildFile; fileRef = 847D5D501CE676E5009157EE /* ic_arrow_right@2x.png */; };
		847D5D551CE676E5009157EE /* ic_arrow_right@3x.png in Resources */ = {isa = PBXBuildFile; fileRef = 847D5D511CE676E5009157EE /* ic_arrow_right@3x.png */; };
		84AD1E8A1CDFB2D90055CB87 /* ChangeProfileViewController.m in Sources */ = {isa = PBXBuildFile; fileRef = 84AD1E881CDFB2D90055CB87 /* ChangeProfileViewController.m */; };
		84AD1E8B1CDFB2D90055CB87 /* ChangeProfileViewController.xib in Resources */ = {isa = PBXBuildFile; fileRef = 84AD1E891CDFB2D90055CB87 /* ChangeProfileViewController.xib */; };
		84AD1E901CDFB8CA0055CB87 /* ChangeProfileDataTableViewCell.m in Sources */ = {isa = PBXBuildFile; fileRef = 84AD1E8E1CDFB8CA0055CB87 /* ChangeProfileDataTableViewCell.m */; };
		84AD1E911CDFB8CA0055CB87 /* ChangeProfileDataTableViewCell.xib in Resources */ = {isa = PBXBuildFile; fileRef = 84AD1E8F1CDFB8CA0055CB87 /* ChangeProfileDataTableViewCell.xib */; };
		84AD1E951CDFB8E50055CB87 /* ChangeProfileResultTableViewCell.m in Sources */ = {isa = PBXBuildFile; fileRef = 84AD1E931CDFB8E50055CB87 /* ChangeProfileResultTableViewCell.m */; };
		84AD1E961CDFB8E50055CB87 /* ChangeProfileResultTableViewCell.xib in Resources */ = {isa = PBXBuildFile; fileRef = 84AD1E941CDFB8E50055CB87 /* ChangeProfileResultTableViewCell.xib */; };
		84AD1EAA1CDFC4F30055CB87 /* icBack.png in Resources */ = {isa = PBXBuildFile; fileRef = 84AD1EA41CDFC4F20055CB87 /* icBack.png */; };
		84AD1EAB1CDFC4F30055CB87 /* icBack@2x.png in Resources */ = {isa = PBXBuildFile; fileRef = 84AD1EA51CDFC4F20055CB87 /* icBack@2x.png */; };
		84AD1EAC1CDFC4F30055CB87 /* icBack@3x.png in Resources */ = {isa = PBXBuildFile; fileRef = 84AD1EA61CDFC4F30055CB87 /* icBack@3x.png */; };
		84AD1EAD1CDFC4F30055CB87 /* icBackPressed.png in Resources */ = {isa = PBXBuildFile; fileRef = 84AD1EA71CDFC4F30055CB87 /* icBackPressed.png */; };
		84AD1EAE1CDFC4F30055CB87 /* icBackPressed@2x.png in Resources */ = {isa = PBXBuildFile; fileRef = 84AD1EA81CDFC4F30055CB87 /* icBackPressed@2x.png */; };
		84AD1EAF1CDFC4F30055CB87 /* icBackPressed@3x.png in Resources */ = {isa = PBXBuildFile; fileRef = 84AD1EA91CDFC4F30055CB87 /* icBackPressed@3x.png */; };
		84B9F9651CD3AD4F0088D718 /* TLNetworkManager.m in Sources */ = {isa = PBXBuildFile; fileRef = 84B9F9641CD3AD4F0088D718 /* TLNetworkManager.m */; };
		84B9F9691CD3B6AF0088D718 /* TLNetworkManager+Authorization.m in Sources */ = {isa = PBXBuildFile; fileRef = 84B9F9681CD3B6AF0088D718 /* TLNetworkManager+Authorization.m */; };
		84D3B0981CE776170064049F /* CheckinsGraphicsTableViewCell.m in Sources */ = {isa = PBXBuildFile; fileRef = 84D3B0961CE776170064049F /* CheckinsGraphicsTableViewCell.m */; };
		84D3B0991CE776170064049F /* CheckinsGraphicsTableViewCell.xib in Resources */ = {isa = PBXBuildFile; fileRef = 84D3B0971CE776170064049F /* CheckinsGraphicsTableViewCell.xib */; };
		84D3B09D1CE77AEC0064049F /* SingleCheckinTableViewCell.m in Sources */ = {isa = PBXBuildFile; fileRef = 84D3B09B1CE77AEC0064049F /* SingleCheckinTableViewCell.m */; };
		84D3B09E1CE77AEC0064049F /* SingleCheckinTableViewCell.xib in Resources */ = {isa = PBXBuildFile; fileRef = 84D3B09C1CE77AEC0064049F /* SingleCheckinTableViewCell.xib */; };
		84D3B0A21CE77B140064049F /* NoteTableViewCell.m in Sources */ = {isa = PBXBuildFile; fileRef = 84D3B0A01CE77B140064049F /* NoteTableViewCell.m */; };
		84D3B0A31CE77B140064049F /* NoteTableViewCell.xib in Resources */ = {isa = PBXBuildFile; fileRef = 84D3B0A11CE77B140064049F /* NoteTableViewCell.xib */; };
		84D3B0A71CE7AB770064049F /* GraphView.m in Sources */ = {isa = PBXBuildFile; fileRef = 84D3B0A61CE7AB770064049F /* GraphView.m */; };
		84E64EE01CD0C9E2001A06A2 /* main.m in Sources */ = {isa = PBXBuildFile; fileRef = 84E64EDF1CD0C9E2001A06A2 /* main.m */; };
		84E64EE31CD0C9E2001A06A2 /* AppDelegate.m in Sources */ = {isa = PBXBuildFile; fileRef = 84E64EE21CD0C9E2001A06A2 /* AppDelegate.m */; };
		84E64EE91CD0C9E2001A06A2 /* Main.storyboard in Resources */ = {isa = PBXBuildFile; fileRef = 84E64EE71CD0C9E2001A06A2 /* Main.storyboard */; };
		84E64EEC1CD0C9E2001A06A2 /* TimeLock_ios.xcdatamodeld in Sources */ = {isa = PBXBuildFile; fileRef = 84E64EEA1CD0C9E2001A06A2 /* TimeLock_ios.xcdatamodeld */; };
		84E64EEE1CD0C9E2001A06A2 /* Assets.xcassets in Resources */ = {isa = PBXBuildFile; fileRef = 84E64EED1CD0C9E2001A06A2 /* Assets.xcassets */; };
		84E64EF11CD0C9E2001A06A2 /* LaunchScreen.storyboard in Resources */ = {isa = PBXBuildFile; fileRef = 84E64EEF1CD0C9E2001A06A2 /* LaunchScreen.storyboard */; };
		84E64EFC1CD0C9E2001A06A2 /* TimeLock_iosTests.m in Sources */ = {isa = PBXBuildFile; fileRef = 84E64EFB1CD0C9E2001A06A2 /* TimeLock_iosTests.m */; };
		84E64F071CD0C9E2001A06A2 /* TimeLock_iosUITests.m in Sources */ = {isa = PBXBuildFile; fileRef = 84E64F061CD0C9E2001A06A2 /* TimeLock_iosUITests.m */; };
		84E64F251CD0D60A001A06A2 /* ic_catalog.png in Resources */ = {isa = PBXBuildFile; fileRef = 84E64F1C1CD0D60A001A06A2 /* ic_catalog.png */; };
		84E64F261CD0D60A001A06A2 /* ic_catalog@2x.png in Resources */ = {isa = PBXBuildFile; fileRef = 84E64F1D1CD0D60A001A06A2 /* ic_catalog@2x.png */; };
		84E64F271CD0D60A001A06A2 /* ic_catalog@3x.png in Resources */ = {isa = PBXBuildFile; fileRef = 84E64F1E1CD0D60A001A06A2 /* ic_catalog@3x.png */; };
		84E64F281CD0D60A001A06A2 /* ic_index.png in Resources */ = {isa = PBXBuildFile; fileRef = 84E64F1F1CD0D60A001A06A2 /* ic_index.png */; };
		84E64F291CD0D60A001A06A2 /* ic_index@2x.png in Resources */ = {isa = PBXBuildFile; fileRef = 84E64F201CD0D60A001A06A2 /* ic_index@2x.png */; };
		84E64F2A1CD0D60A001A06A2 /* ic_index@3x.png in Resources */ = {isa = PBXBuildFile; fileRef = 84E64F211CD0D60A001A06A2 /* ic_index@3x.png */; };
		84E64F2B1CD0D60A001A06A2 /* ic_profile.png in Resources */ = {isa = PBXBuildFile; fileRef = 84E64F221CD0D60A001A06A2 /* ic_profile.png */; };
		84E64F2C1CD0D60A001A06A2 /* ic_profile@2x.png in Resources */ = {isa = PBXBuildFile; fileRef = 84E64F231CD0D60A001A06A2 /* ic_profile@2x.png */; };
		84E64F2D1CD0D60A001A06A2 /* ic_profile@3x.png in Resources */ = {isa = PBXBuildFile; fileRef = 84E64F241CD0D60A001A06A2 /* ic_profile@3x.png */; };
		84E64F351CD0D715001A06A2 /* TLMainViewController.m in Sources */ = {isa = PBXBuildFile; fileRef = 84E64F331CD0D715001A06A2 /* TLMainViewController.m */; };
		84E64F361CD0D715001A06A2 /* TLMainViewController.xib in Resources */ = {isa = PBXBuildFile; fileRef = 84E64F341CD0D715001A06A2 /* TLMainViewController.xib */; };
		84E64F3C1CD0D747001A06A2 /* TLProfileViewController.m in Sources */ = {isa = PBXBuildFile; fileRef = 84E64F3A1CD0D747001A06A2 /* TLProfileViewController.m */; };
		84E64F3D1CD0D747001A06A2 /* TLProfileViewController.xib in Resources */ = {isa = PBXBuildFile; fileRef = 84E64F3B1CD0D747001A06A2 /* TLProfileViewController.xib */; };
		84E64F421CD0D76B001A06A2 /* TLCheckinsViewController.m in Sources */ = {isa = PBXBuildFile; fileRef = 84E64F401CD0D76B001A06A2 /* TLCheckinsViewController.m */; };
		84E64F431CD0D76B001A06A2 /* TLCheckinsViewController.xib in Resources */ = {isa = PBXBuildFile; fileRef = 84E64F411CD0D76B001A06A2 /* TLCheckinsViewController.xib */; };
		84E64F481CD0DBD5001A06A2 /* BarsAppearance.m in Sources */ = {isa = PBXBuildFile; fileRef = 84E64F471CD0DBD5001A06A2 /* BarsAppearance.m */; };
		84E64F4E1CD0DEC0001A06A2 /* PT_Sans-Web-Bold.ttf in Resources */ = {isa = PBXBuildFile; fileRef = 84E64F4A1CD0DD65001A06A2 /* PT_Sans-Web-Bold.ttf */; };
		84E64F4F1CD0DEC0001A06A2 /* PT_Sans-Web-BoldItalic.ttf in Resources */ = {isa = PBXBuildFile; fileRef = 84E64F4B1CD0DD65001A06A2 /* PT_Sans-Web-BoldItalic.ttf */; };
		84E64F501CD0DEC0001A06A2 /* PT_Sans-Web-Italic.ttf in Resources */ = {isa = PBXBuildFile; fileRef = 84E64F4C1CD0DD65001A06A2 /* PT_Sans-Web-Italic.ttf */; };
		84E64F511CD0DEC0001A06A2 /* PT_Sans-Web-Regular.ttf in Resources */ = {isa = PBXBuildFile; fileRef = 84E64F4D1CD0DD65001A06A2 /* PT_Sans-Web-Regular.ttf */; };
		84E64F591CD0E5E2001A06A2 /* Localizable.strings in Resources */ = {isa = PBXBuildFile; fileRef = 84E64F5B1CD0E5E2001A06A2 /* Localizable.strings */; };
		84E64F621CD10C8E001A06A2 /* TLLaunchLoginViewController.m in Sources */ = {isa = PBXBuildFile; fileRef = 84E64F601CD10C8E001A06A2 /* TLLaunchLoginViewController.m */; };
		84E64F631CD10C8E001A06A2 /* TLLaunchLoginViewController.xib in Resources */ = {isa = PBXBuildFile; fileRef = 84E64F611CD10C8E001A06A2 /* TLLaunchLoginViewController.xib */; };
		84E64F671CD1139F001A06A2 /* UIButton+TimeLockStyle.m in Sources */ = {isa = PBXBuildFile; fileRef = 84E64F661CD1139F001A06A2 /* UIButton+TimeLockStyle.m */; };
		84E64F6B1CD14BCF001A06A2 /* UIImage+Utilities.m in Sources */ = {isa = PBXBuildFile; fileRef = 84E64F6A1CD14BCF001A06A2 /* UIImage+Utilities.m */; };
		84FDCFE91CDBEFFC006A9039 /* user_placeholder.png in Resources */ = {isa = PBXBuildFile; fileRef = 84FDCFE61CDBEFFB006A9039 /* user_placeholder.png */; };
		84FDCFEA1CDBEFFC006A9039 /* user_placeholder@2x.png in Resources */ = {isa = PBXBuildFile; fileRef = 84FDCFE71CDBEFFC006A9039 /* user_placeholder@2x.png */; };
		84FDCFEB1CDBEFFC006A9039 /* user_placeholder@3x.png in Resources */ = {isa = PBXBuildFile; fileRef = 84FDCFE81CDBEFFC006A9039 /* user_placeholder@3x.png */; };
		84FDCFF51CDBF252006A9039 /* AlertViewController.m in Sources */ = {isa = PBXBuildFile; fileRef = 84FDCFF31CDBF252006A9039 /* AlertViewController.m */; };
		84FDCFF61CDBF252006A9039 /* AlertViewController.xib in Resources */ = {isa = PBXBuildFile; fileRef = 84FDCFF41CDBF252006A9039 /* AlertViewController.xib */; };
		84FDCFF91CDBF65B006A9039 /* ic_alert@2x.png in Resources */ = {isa = PBXBuildFile; fileRef = 84FDCFF71CDBF65B006A9039 /* ic_alert@2x.png */; };
		84FDCFFA1CDBF65B006A9039 /* ic_alert@3x.png in Resources */ = {isa = PBXBuildFile; fileRef = 84FDCFF81CDBF65B006A9039 /* ic_alert@3x.png */; };
/* End PBXBuildFile section */

/* Begin PBXContainerItemProxy section */
		84E64EF81CD0C9E2001A06A2 /* PBXContainerItemProxy */ = {
			isa = PBXContainerItemProxy;
			containerPortal = 84E64ED31CD0C9E1001A06A2 /* Project object */;
			proxyType = 1;
			remoteGlobalIDString = 84E64EDA1CD0C9E2001A06A2;
			remoteInfo = TimeLock_ios;
		};
		84E64F031CD0C9E2001A06A2 /* PBXContainerItemProxy */ = {
			isa = PBXContainerItemProxy;
			containerPortal = 84E64ED31CD0C9E1001A06A2 /* Project object */;
			proxyType = 1;
			remoteGlobalIDString = 84E64EDA1CD0C9E2001A06A2;
			remoteInfo = TimeLock_ios;
		};
/* End PBXContainerItemProxy section */

/* Begin PBXFileReference section */
		4BCCE95DC71BC71C140984B0 /* Pods-TimeLock_ios.debug.xcconfig */ = {isa = PBXFileReference; includeInIndex = 1; lastKnownFileType = text.xcconfig; name = "Pods-TimeLock_ios.debug.xcconfig"; path = "Pods/Target Support Files/Pods-TimeLock_ios/Pods-TimeLock_ios.debug.xcconfig"; sourceTree = "<group>"; };
		67A18EA854D8B86ABB749E27 /* libPods-TimeLock_ios.a */ = {isa = PBXFileReference; explicitFileType = archive.ar; includeInIndex = 0; path = "libPods-TimeLock_ios.a"; sourceTree = BUILT_PRODUCTS_DIR; };
		84097FE31CDCD9C80050FCE6 /* EmptyScreenView.xib */ = {isa = PBXFileReference; fileEncoding = 4; lastKnownFileType = file.xib; path = EmptyScreenView.xib; sourceTree = "<group>"; };
		84097FE51CDCDAC30050FCE6 /* ic_arrow_down.png */ = {isa = PBXFileReference; lastKnownFileType = image.png; name = ic_arrow_down.png; path = Resources/icon/ic_arrow_down.png; sourceTree = "<group>"; };
		84097FE61CDCDAC30050FCE6 /* ic_arrow_down@2x.png */ = {isa = PBXFileReference; lastKnownFileType = image.png; name = "ic_arrow_down@2x.png"; path = "Resources/icon/ic_arrow_down@2x.png"; sourceTree = "<group>"; };
		84097FE71CDCDAC30050FCE6 /* ic_arrow_down@3x.png */ = {isa = PBXFileReference; lastKnownFileType = image.png; name = "ic_arrow_down@3x.png"; path = "Resources/icon/ic_arrow_down@3x.png"; sourceTree = "<group>"; };
		84097FEB1CDCDB640050FCE6 /* ic_sad_smile.png */ = {isa = PBXFileReference; lastKnownFileType = image.png; name = ic_sad_smile.png; path = Resources/icon/ic_sad_smile.png; sourceTree = "<group>"; };
		84097FEC1CDCDB640050FCE6 /* ic_sad_smile@2x.png */ = {isa = PBXFileReference; lastKnownFileType = image.png; name = "ic_sad_smile@2x.png"; path = "Resources/icon/ic_sad_smile@2x.png"; sourceTree = "<group>"; };
		84097FED1CDCDB640050FCE6 /* ic_sad_smile@3x.png */ = {isa = PBXFileReference; lastKnownFileType = image.png; name = "ic_sad_smile@3x.png"; path = "Resources/icon/ic_sad_smile@3x.png"; sourceTree = "<group>"; };
		84097FF11CDCDDE80050FCE6 /* EmptyScreenView.h */ = {isa = PBXFileReference; fileEncoding = 4; lastKnownFileType = sourcecode.c.h; path = EmptyScreenView.h; sourceTree = "<group>"; };
		84097FF21CDCDDE80050FCE6 /* EmptyScreenView.m */ = {isa = PBXFileReference; fileEncoding = 4; lastKnownFileType = sourcecode.c.objc; path = EmptyScreenView.m; sourceTree = "<group>"; };
		84097FF51CDCE4E70050FCE6 /* UIRefreshControl+Utils.h */ = {isa = PBXFileReference; fileEncoding = 4; lastKnownFileType = sourcecode.c.h; path = "UIRefreshControl+Utils.h"; sourceTree = "<group>"; };
		84097FF61CDCE4E70050FCE6 /* UIRefreshControl+Utils.m */ = {isa = PBXFileReference; fileEncoding = 4; lastKnownFileType = sourcecode.c.objc; path = "UIRefreshControl+Utils.m"; sourceTree = "<group>"; };
		8446AB0F1CD8B10B002B0C9C /* DataStorageManager.h */ = {isa = PBXFileReference; fileEncoding = 4; lastKnownFileType = sourcecode.c.h; path = DataStorageManager.h; sourceTree = "<group>"; };
		8446AB101CD8B10B002B0C9C /* DataStorageManager.m */ = {isa = PBXFileReference; fileEncoding = 4; lastKnownFileType = sourcecode.c.objc; path = DataStorageManager.m; sourceTree = "<group>"; };
		8446AB151CD8B31C002B0C9C /* NSDictionary+SafeGetters.h */ = {isa = PBXFileReference; fileEncoding = 4; lastKnownFileType = sourcecode.c.h; path = "NSDictionary+SafeGetters.h"; sourceTree = "<group>"; };
		8446AB161CD8B31C002B0C9C /* NSDictionary+SafeGetters.m */ = {isa = PBXFileReference; fileEncoding = 4; lastKnownFileType = sourcecode.c.objc; path = "NSDictionary+SafeGetters.m"; sourceTree = "<group>"; };
		8446AB181CD8B52E002B0C9C /* User+CoreDataProperties.h */ = {isa = PBXFileReference; fileEncoding = 4; lastKnownFileType = sourcecode.c.h; path = "User+CoreDataProperties.h"; sourceTree = "<group>"; };
		8446AB191CD8B52E002B0C9C /* User+CoreDataProperties.m */ = {isa = PBXFileReference; fileEncoding = 4; lastKnownFileType = sourcecode.c.objc; path = "User+CoreDataProperties.m"; sourceTree = "<group>"; };
		8446AB1A1CD8B52E002B0C9C /* User.h */ = {isa = PBXFileReference; fileEncoding = 4; lastKnownFileType = sourcecode.c.h; path = User.h; sourceTree = "<group>"; };
		8446AB1B1CD8B52E002B0C9C /* User.m */ = {isa = PBXFileReference; fileEncoding = 4; lastKnownFileType = sourcecode.c.objc; path = User.m; sourceTree = "<group>"; };
		8446AB241CD8B58F002B0C9C /* Post+CoreDataProperties.h */ = {isa = PBXFileReference; fileEncoding = 4; lastKnownFileType = sourcecode.c.h; path = "Post+CoreDataProperties.h"; sourceTree = "<group>"; };
		8446AB251CD8B58F002B0C9C /* Post+CoreDataProperties.m */ = {isa = PBXFileReference; fileEncoding = 4; lastKnownFileType = sourcecode.c.objc; path = "Post+CoreDataProperties.m"; sourceTree = "<group>"; };
		8446AB261CD8B58F002B0C9C /* Post.h */ = {isa = PBXFileReference; fileEncoding = 4; lastKnownFileType = sourcecode.c.h; path = Post.h; sourceTree = "<group>"; };
		8446AB271CD8B58F002B0C9C /* Post.m */ = {isa = PBXFileReference; fileEncoding = 4; lastKnownFileType = sourcecode.c.objc; path = Post.m; sourceTree = "<group>"; };
		8446AB2D1CD8B5EA002B0C9C /* DataStorageManager+User.h */ = {isa = PBXFileReference; fileEncoding = 4; lastKnownFileType = sourcecode.c.h; path = "DataStorageManager+User.h"; sourceTree = "<group>"; };
		8446AB2E1CD8B5EA002B0C9C /* DataStorageManager+User.m */ = {isa = PBXFileReference; fileEncoding = 4; lastKnownFileType = sourcecode.c.objc; path = "DataStorageManager+User.m"; sourceTree = "<group>"; };
		8446AB301CD8B5FE002B0C9C /* DataStorageManager+Post.h */ = {isa = PBXFileReference; fileEncoding = 4; lastKnownFileType = sourcecode.c.h; path = "DataStorageManager+Post.h"; sourceTree = "<group>"; };
		8446AB311CD8B5FE002B0C9C /* DataStorageManager+Post.m */ = {isa = PBXFileReference; fileEncoding = 4; lastKnownFileType = sourcecode.c.objc; path = "DataStorageManager+Post.m"; sourceTree = "<group>"; };
		8446AB341CD8C745002B0C9C /* TLNetworkManager+Post.h */ = {isa = PBXFileReference; fileEncoding = 4; lastKnownFileType = sourcecode.c.h; path = "TLNetworkManager+Post.h"; sourceTree = "<group>"; };
		8446AB351CD8C745002B0C9C /* TLNetworkManager+Post.m */ = {isa = PBXFileReference; fileEncoding = 4; lastKnownFileType = sourcecode.c.objc; path = "TLNetworkManager+Post.m"; sourceTree = "<group>"; };
		8446AB381CD8F949002B0C9C /* PostTableViewCell.h */ = {isa = PBXFileReference; fileEncoding = 4; lastKnownFileType = sourcecode.c.h; path = PostTableViewCell.h; sourceTree = "<group>"; };
		8446AB391CD8F949002B0C9C /* PostTableViewCell.m */ = {isa = PBXFileReference; fileEncoding = 4; lastKnownFileType = sourcecode.c.objc; path = PostTableViewCell.m; sourceTree = "<group>"; };
		8446AB3A1CD8F949002B0C9C /* PostTableViewCell.xib */ = {isa = PBXFileReference; fileEncoding = 4; lastKnownFileType = file.xib; path = PostTableViewCell.xib; sourceTree = "<group>"; };
		8446AB3E1CD91231002B0C9C /* UIRefreshControl+Animation.h */ = {isa = PBXFileReference; fileEncoding = 4; lastKnownFileType = sourcecode.c.h; path = "UIRefreshControl+Animation.h"; sourceTree = "<group>"; };
		8446AB3F1CD91231002B0C9C /* UIRefreshControl+Animation.m */ = {isa = PBXFileReference; fileEncoding = 4; lastKnownFileType = sourcecode.c.objc; path = "UIRefreshControl+Animation.m"; sourceTree = "<group>"; };
		8446AB421CD9252A002B0C9C /* profileTopCellImage.jpg */ = {isa = PBXFileReference; lastKnownFileType = image.jpeg; name = profileTopCellImage.jpg; path = Resources/img/profileTopCellImage.jpg; sourceTree = "<group>"; };
		8446AB451CD9260A002B0C9C /* TopProfileTableViewCell.h */ = {isa = PBXFileReference; fileEncoding = 4; lastKnownFileType = sourcecode.c.h; path = TopProfileTableViewCell.h; sourceTree = "<group>"; };
		8446AB461CD9260A002B0C9C /* TopProfileTableViewCell.m */ = {isa = PBXFileReference; fileEncoding = 4; lastKnownFileType = sourcecode.c.objc; path = TopProfileTableViewCell.m; sourceTree = "<group>"; };
		8446AB471CD9260A002B0C9C /* TopProfileTableViewCell.xib */ = {isa = PBXFileReference; fileEncoding = 4; lastKnownFileType = file.xib; path = TopProfileTableViewCell.xib; sourceTree = "<group>"; };
		8446AB4A1CD92625002B0C9C /* ProfileSettingsTableViewCell.h */ = {isa = PBXFileReference; fileEncoding = 4; lastKnownFileType = sourcecode.c.h; path = ProfileSettingsTableViewCell.h; sourceTree = "<group>"; };
		8446AB4B1CD92625002B0C9C /* ProfileSettingsTableViewCell.m */ = {isa = PBXFileReference; fileEncoding = 4; lastKnownFileType = sourcecode.c.objc; path = ProfileSettingsTableViewCell.m; sourceTree = "<group>"; };
		8446AB4C1CD92625002B0C9C /* ProfileSettingsTableViewCell.xib */ = {isa = PBXFileReference; fileEncoding = 4; lastKnownFileType = file.xib; path = ProfileSettingsTableViewCell.xib; sourceTree = "<group>"; };
		8446AB501CD936FB002B0C9C /* TableViewButton.h */ = {isa = PBXFileReference; fileEncoding = 4; lastKnownFileType = sourcecode.c.h; path = TableViewButton.h; sourceTree = "<group>"; };
		8446AB511CD936FB002B0C9C /* TableViewButton.m */ = {isa = PBXFileReference; fileEncoding = 4; lastKnownFileType = sourcecode.c.objc; path = TableViewButton.m; sourceTree = "<group>"; };
		8448A97A1CD611AA008E4AE1 /* TLUtils.h */ = {isa = PBXFileReference; fileEncoding = 4; lastKnownFileType = sourcecode.c.h; path = TLUtils.h; sourceTree = "<group>"; };
		8448A97B1CD611AA008E4AE1 /* TLUtils.m */ = {isa = PBXFileReference; fileEncoding = 4; lastKnownFileType = sourcecode.c.objc; path = TLUtils.m; sourceTree = "<group>"; };
		844F944F1CDE24D80033647F /* UserViewController.h */ = {isa = PBXFileReference; fileEncoding = 4; lastKnownFileType = sourcecode.c.h; path = UserViewController.h; sourceTree = "<group>"; };
		844F94501CDE24D80033647F /* UserViewController.m */ = {isa = PBXFileReference; fileEncoding = 4; lastKnownFileType = sourcecode.c.objc; path = UserViewController.m; sourceTree = "<group>"; };
		844F94511CDE24D80033647F /* UserViewController.xib */ = {isa = PBXFileReference; fileEncoding = 4; lastKnownFileType = file.xib; path = UserViewController.xib; sourceTree = "<group>"; };
		844F94541CDE264D0033647F /* TimeLockPrefixHeader.pch */ = {isa = PBXFileReference; lastKnownFileType = sourcecode.c.h; path = TimeLockPrefixHeader.pch; sourceTree = "<group>"; };
		844F94561CDE324B0033647F /* UserTopTableViewCell.h */ = {isa = PBXFileReference; fileEncoding = 4; lastKnownFileType = sourcecode.c.h; path = UserTopTableViewCell.h; sourceTree = "<group>"; };
		844F94571CDE324B0033647F /* UserTopTableViewCell.m */ = {isa = PBXFileReference; fileEncoding = 4; lastKnownFileType = sourcecode.c.objc; path = UserTopTableViewCell.m; sourceTree = "<group>"; };
		844F94581CDE324B0033647F /* UserTopTableViewCell.xib */ = {isa = PBXFileReference; fileEncoding = 4; lastKnownFileType = file.xib; path = UserTopTableViewCell.xib; sourceTree = "<group>"; };
		844F945B1CDE32620033647F /* UserFullNameTableViewCell.h */ = {isa = PBXFileReference; fileEncoding = 4; lastKnownFileType = sourcecode.c.h; path = UserFullNameTableViewCell.h; sourceTree = "<group>"; };
		844F945C1CDE32620033647F /* UserFullNameTableViewCell.m */ = {isa = PBXFileReference; fileEncoding = 4; lastKnownFileType = sourcecode.c.objc; path = UserFullNameTableViewCell.m; sourceTree = "<group>"; };
		844F945D1CDE32620033647F /* UserFullNameTableViewCell.xib */ = {isa = PBXFileReference; fileEncoding = 4; lastKnownFileType = file.xib; path = UserFullNameTableViewCell.xib; sourceTree = "<group>"; };
		844F94661CDE36110033647F /* TLNetworkManager+User.h */ = {isa = PBXFileReference; fileEncoding = 4; lastKnownFileType = sourcecode.c.h; path = "TLNetworkManager+User.h"; sourceTree = "<group>"; };
		844F94671CDE36110033647F /* TLNetworkManager+User.m */ = {isa = PBXFileReference; fileEncoding = 4; lastKnownFileType = sourcecode.c.objc; path = "TLNetworkManager+User.m"; sourceTree = "<group>"; };
		844F94691CDE3FE20033647F /* UserCompanyTableViewCell.h */ = {isa = PBXFileReference; fileEncoding = 4; lastKnownFileType = sourcecode.c.h; path = UserCompanyTableViewCell.h; sourceTree = "<group>"; };
		844F946A1CDE3FE20033647F /* UserCompanyTableViewCell.m */ = {isa = PBXFileReference; fileEncoding = 4; lastKnownFileType = sourcecode.c.objc; path = UserCompanyTableViewCell.m; sourceTree = "<group>"; };
		844F946B1CDE3FE20033647F /* UserCompanyTableViewCell.xib */ = {isa = PBXFileReference; fileEncoding = 4; lastKnownFileType = file.xib; path = UserCompanyTableViewCell.xib; sourceTree = "<group>"; };
		847D5D3C1CE6206A009157EE /* TLNetworkManager+Checkin.h */ = {isa = PBXFileReference; fileEncoding = 4; lastKnownFileType = sourcecode.c.h; path = "TLNetworkManager+Checkin.h"; sourceTree = "<group>"; };
		847D5D3D1CE6206A009157EE /* TLNetworkManager+Checkin.m */ = {isa = PBXFileReference; fileEncoding = 4; lastKnownFileType = sourcecode.c.objc; path = "TLNetworkManager+Checkin.m"; sourceTree = "<group>"; };
		847D5D3F1CE62289009157EE /* DataStorageManager+Checkin.h */ = {isa = PBXFileReference; fileEncoding = 4; lastKnownFileType = sourcecode.c.h; path = "DataStorageManager+Checkin.h"; sourceTree = "<group>"; };
		847D5D401CE62289009157EE /* DataStorageManager+Checkin.m */ = {isa = PBXFileReference; fileEncoding = 4; lastKnownFileType = sourcecode.c.objc; path = "DataStorageManager+Checkin.m"; sourceTree = "<group>"; };
		847D5D421CE63B39009157EE /* Checkin+CoreDataProperties.h */ = {isa = PBXFileReference; fileEncoding = 4; lastKnownFileType = sourcecode.c.h; path = "Checkin+CoreDataProperties.h"; sourceTree = "<group>"; };
		847D5D431CE63B39009157EE /* Checkin+CoreDataProperties.m */ = {isa = PBXFileReference; fileEncoding = 4; lastKnownFileType = sourcecode.c.objc; path = "Checkin+CoreDataProperties.m"; sourceTree = "<group>"; };
		847D5D441CE63B39009157EE /* Checkin.h */ = {isa = PBXFileReference; fileEncoding = 4; lastKnownFileType = sourcecode.c.h; path = Checkin.h; sourceTree = "<group>"; };
		847D5D451CE63B39009157EE /* Checkin.m */ = {isa = PBXFileReference; fileEncoding = 4; lastKnownFileType = sourcecode.c.objc; path = Checkin.m; sourceTree = "<group>"; };
		847D5D461CE63B39009157EE /* Note+CoreDataProperties.h */ = {isa = PBXFileReference; fileEncoding = 4; lastKnownFileType = sourcecode.c.h; path = "Note+CoreDataProperties.h"; sourceTree = "<group>"; };
		847D5D471CE63B39009157EE /* Note+CoreDataProperties.m */ = {isa = PBXFileReference; fileEncoding = 4; lastKnownFileType = sourcecode.c.objc; path = "Note+CoreDataProperties.m"; sourceTree = "<group>"; };
		847D5D481CE63B39009157EE /* Note.h */ = {isa = PBXFileReference; fileEncoding = 4; lastKnownFileType = sourcecode.c.h; path = Note.h; sourceTree = "<group>"; };
		847D5D491CE63B39009157EE /* Note.m */ = {isa = PBXFileReference; fileEncoding = 4; lastKnownFileType = sourcecode.c.objc; path = Note.m; sourceTree = "<group>"; };
		847D5D4E1CE676E5009157EE /* ic_arrow_left@2x.png */ = {isa = PBXFileReference; lastKnownFileType = image.png; name = "ic_arrow_left@2x.png"; path = "Resources/icon/ic_arrow_left@2x.png"; sourceTree = "<group>"; };
		847D5D4F1CE676E5009157EE /* ic_arrow_left@3x.png */ = {isa = PBXFileReference; lastKnownFileType = image.png; name = "ic_arrow_left@3x.png"; path = "Resources/icon/ic_arrow_left@3x.png"; sourceTree = "<group>"; };
		847D5D501CE676E5009157EE /* ic_arrow_right@2x.png */ = {isa = PBXFileReference; lastKnownFileType = image.png; name = "ic_arrow_right@2x.png"; path = "Resources/icon/ic_arrow_right@2x.png"; sourceTree = "<group>"; };
		847D5D511CE676E5009157EE /* ic_arrow_right@3x.png */ = {isa = PBXFileReference; lastKnownFileType = image.png; name = "ic_arrow_right@3x.png"; path = "Resources/icon/ic_arrow_right@3x.png"; sourceTree = "<group>"; };
		84AD1E871CDFB2D90055CB87 /* ChangeProfileViewController.h */ = {isa = PBXFileReference; fileEncoding = 4; lastKnownFileType = sourcecode.c.h; path = ChangeProfileViewController.h; sourceTree = "<group>"; };
		84AD1E881CDFB2D90055CB87 /* ChangeProfileViewController.m */ = {isa = PBXFileReference; fileEncoding = 4; lastKnownFileType = sourcecode.c.objc; path = ChangeProfileViewController.m; sourceTree = "<group>"; };
		84AD1E891CDFB2D90055CB87 /* ChangeProfileViewController.xib */ = {isa = PBXFileReference; fileEncoding = 4; lastKnownFileType = file.xib; path = ChangeProfileViewController.xib; sourceTree = "<group>"; };
		84AD1E8D1CDFB8CA0055CB87 /* ChangeProfileDataTableViewCell.h */ = {isa = PBXFileReference; fileEncoding = 4; lastKnownFileType = sourcecode.c.h; path = ChangeProfileDataTableViewCell.h; sourceTree = "<group>"; };
		84AD1E8E1CDFB8CA0055CB87 /* ChangeProfileDataTableViewCell.m */ = {isa = PBXFileReference; fileEncoding = 4; lastKnownFileType = sourcecode.c.objc; path = ChangeProfileDataTableViewCell.m; sourceTree = "<group>"; };
		84AD1E8F1CDFB8CA0055CB87 /* ChangeProfileDataTableViewCell.xib */ = {isa = PBXFileReference; fileEncoding = 4; lastKnownFileType = file.xib; path = ChangeProfileDataTableViewCell.xib; sourceTree = "<group>"; };
		84AD1E921CDFB8E50055CB87 /* ChangeProfileResultTableViewCell.h */ = {isa = PBXFileReference; fileEncoding = 4; lastKnownFileType = sourcecode.c.h; path = ChangeProfileResultTableViewCell.h; sourceTree = "<group>"; };
		84AD1E931CDFB8E50055CB87 /* ChangeProfileResultTableViewCell.m */ = {isa = PBXFileReference; fileEncoding = 4; lastKnownFileType = sourcecode.c.objc; path = ChangeProfileResultTableViewCell.m; sourceTree = "<group>"; };
		84AD1E941CDFB8E50055CB87 /* ChangeProfileResultTableViewCell.xib */ = {isa = PBXFileReference; fileEncoding = 4; lastKnownFileType = file.xib; path = ChangeProfileResultTableViewCell.xib; sourceTree = "<group>"; };
		84AD1EA41CDFC4F20055CB87 /* icBack.png */ = {isa = PBXFileReference; lastKnownFileType = image.png; name = icBack.png; path = Resources/icon/navbar/icBack.png; sourceTree = "<group>"; };
		84AD1EA51CDFC4F20055CB87 /* icBack@2x.png */ = {isa = PBXFileReference; lastKnownFileType = image.png; name = "icBack@2x.png"; path = "Resources/icon/navbar/icBack@2x.png"; sourceTree = "<group>"; };
		84AD1EA61CDFC4F30055CB87 /* icBack@3x.png */ = {isa = PBXFileReference; lastKnownFileType = image.png; name = "icBack@3x.png"; path = "Resources/icon/navbar/icBack@3x.png"; sourceTree = "<group>"; };
		84AD1EA71CDFC4F30055CB87 /* icBackPressed.png */ = {isa = PBXFileReference; lastKnownFileType = image.png; name = icBackPressed.png; path = Resources/icon/navbar/icBackPressed.png; sourceTree = "<group>"; };
		84AD1EA81CDFC4F30055CB87 /* icBackPressed@2x.png */ = {isa = PBXFileReference; lastKnownFileType = image.png; name = "icBackPressed@2x.png"; path = "Resources/icon/navbar/icBackPressed@2x.png"; sourceTree = "<group>"; };
		84AD1EA91CDFC4F30055CB87 /* icBackPressed@3x.png */ = {isa = PBXFileReference; lastKnownFileType = image.png; name = "icBackPressed@3x.png"; path = "Resources/icon/navbar/icBackPressed@3x.png"; sourceTree = "<group>"; };
		84B9F9631CD3AD4F0088D718 /* TLNetworkManager.h */ = {isa = PBXFileReference; fileEncoding = 4; lastKnownFileType = sourcecode.c.h; path = TLNetworkManager.h; sourceTree = "<group>"; };
		84B9F9641CD3AD4F0088D718 /* TLNetworkManager.m */ = {isa = PBXFileReference; fileEncoding = 4; lastKnownFileType = sourcecode.c.objc; path = TLNetworkManager.m; sourceTree = "<group>"; };
		84B9F9671CD3B6AF0088D718 /* TLNetworkManager+Authorization.h */ = {isa = PBXFileReference; fileEncoding = 4; lastKnownFileType = sourcecode.c.h; path = "TLNetworkManager+Authorization.h"; sourceTree = "<group>"; };
		84B9F9681CD3B6AF0088D718 /* TLNetworkManager+Authorization.m */ = {isa = PBXFileReference; fileEncoding = 4; lastKnownFileType = sourcecode.c.objc; path = "TLNetworkManager+Authorization.m"; sourceTree = "<group>"; };
		84D3B0951CE776170064049F /* CheckinsGraphicsTableViewCell.h */ = {isa = PBXFileReference; fileEncoding = 4; lastKnownFileType = sourcecode.c.h; path = CheckinsGraphicsTableViewCell.h; sourceTree = "<group>"; };
		84D3B0961CE776170064049F /* CheckinsGraphicsTableViewCell.m */ = {isa = PBXFileReference; fileEncoding = 4; lastKnownFileType = sourcecode.c.objc; path = CheckinsGraphicsTableViewCell.m; sourceTree = "<group>"; };
		84D3B0971CE776170064049F /* CheckinsGraphicsTableViewCell.xib */ = {isa = PBXFileReference; fileEncoding = 4; lastKnownFileType = file.xib; path = CheckinsGraphicsTableViewCell.xib; sourceTree = "<group>"; };
		84D3B09A1CE77AEC0064049F /* SingleCheckinTableViewCell.h */ = {isa = PBXFileReference; fileEncoding = 4; lastKnownFileType = sourcecode.c.h; path = SingleCheckinTableViewCell.h; sourceTree = "<group>"; };
		84D3B09B1CE77AEC0064049F /* SingleCheckinTableViewCell.m */ = {isa = PBXFileReference; fileEncoding = 4; lastKnownFileType = sourcecode.c.objc; path = SingleCheckinTableViewCell.m; sourceTree = "<group>"; };
		84D3B09C1CE77AEC0064049F /* SingleCheckinTableViewCell.xib */ = {isa = PBXFileReference; fileEncoding = 4; lastKnownFileType = file.xib; path = SingleCheckinTableViewCell.xib; sourceTree = "<group>"; };
		84D3B09F1CE77B140064049F /* NoteTableViewCell.h */ = {isa = PBXFileReference; fileEncoding = 4; lastKnownFileType = sourcecode.c.h; path = NoteTableViewCell.h; sourceTree = "<group>"; };
		84D3B0A01CE77B140064049F /* NoteTableViewCell.m */ = {isa = PBXFileReference; fileEncoding = 4; lastKnownFileType = sourcecode.c.objc; path = NoteTableViewCell.m; sourceTree = "<group>"; };
		84D3B0A11CE77B140064049F /* NoteTableViewCell.xib */ = {isa = PBXFileReference; fileEncoding = 4; lastKnownFileType = file.xib; path = NoteTableViewCell.xib; sourceTree = "<group>"; };
		84D3B0A51CE7AB770064049F /* GraphView.h */ = {isa = PBXFileReference; fileEncoding = 4; lastKnownFileType = sourcecode.c.h; path = GraphView.h; sourceTree = "<group>"; };
		84D3B0A61CE7AB770064049F /* GraphView.m */ = {isa = PBXFileReference; fileEncoding = 4; lastKnownFileType = sourcecode.c.objc; path = GraphView.m; sourceTree = "<group>"; };
		84E64EDB1CD0C9E2001A06A2 /* TimeLock_ios.app */ = {isa = PBXFileReference; explicitFileType = wrapper.application; includeInIndex = 0; path = TimeLock_ios.app; sourceTree = BUILT_PRODUCTS_DIR; };
		84E64EDF1CD0C9E2001A06A2 /* main.m */ = {isa = PBXFileReference; lastKnownFileType = sourcecode.c.objc; path = main.m; sourceTree = "<group>"; };
		84E64EE11CD0C9E2001A06A2 /* AppDelegate.h */ = {isa = PBXFileReference; lastKnownFileType = sourcecode.c.h; path = AppDelegate.h; sourceTree = "<group>"; };
		84E64EE21CD0C9E2001A06A2 /* AppDelegate.m */ = {isa = PBXFileReference; lastKnownFileType = sourcecode.c.objc; path = AppDelegate.m; sourceTree = "<group>"; };
		84E64EE81CD0C9E2001A06A2 /* Base */ = {isa = PBXFileReference; lastKnownFileType = file.storyboard; name = Base; path = Base.lproj/Main.storyboard; sourceTree = "<group>"; };
		84E64EEB1CD0C9E2001A06A2 /* TimeLock_ios.xcdatamodel */ = {isa = PBXFileReference; lastKnownFileType = wrapper.xcdatamodel; path = TimeLock_ios.xcdatamodel; sourceTree = "<group>"; };
		84E64EED1CD0C9E2001A06A2 /* Assets.xcassets */ = {isa = PBXFileReference; lastKnownFileType = folder.assetcatalog; path = Assets.xcassets; sourceTree = "<group>"; };
		84E64EF01CD0C9E2001A06A2 /* Base */ = {isa = PBXFileReference; lastKnownFileType = file.storyboard; name = Base; path = Base.lproj/LaunchScreen.storyboard; sourceTree = "<group>"; };
		84E64EF21CD0C9E2001A06A2 /* Info.plist */ = {isa = PBXFileReference; lastKnownFileType = text.plist.xml; path = Info.plist; sourceTree = "<group>"; };
		84E64EF71CD0C9E2001A06A2 /* TimeLock_iosTests.xctest */ = {isa = PBXFileReference; explicitFileType = wrapper.cfbundle; includeInIndex = 0; path = TimeLock_iosTests.xctest; sourceTree = BUILT_PRODUCTS_DIR; };
		84E64EFB1CD0C9E2001A06A2 /* TimeLock_iosTests.m */ = {isa = PBXFileReference; lastKnownFileType = sourcecode.c.objc; path = TimeLock_iosTests.m; sourceTree = "<group>"; };
		84E64EFD1CD0C9E2001A06A2 /* Info.plist */ = {isa = PBXFileReference; lastKnownFileType = text.plist.xml; path = Info.plist; sourceTree = "<group>"; };
		84E64F021CD0C9E2001A06A2 /* TimeLock_iosUITests.xctest */ = {isa = PBXFileReference; explicitFileType = wrapper.cfbundle; includeInIndex = 0; path = TimeLock_iosUITests.xctest; sourceTree = BUILT_PRODUCTS_DIR; };
		84E64F061CD0C9E2001A06A2 /* TimeLock_iosUITests.m */ = {isa = PBXFileReference; lastKnownFileType = sourcecode.c.objc; path = TimeLock_iosUITests.m; sourceTree = "<group>"; };
		84E64F081CD0C9E2001A06A2 /* Info.plist */ = {isa = PBXFileReference; lastKnownFileType = text.plist.xml; path = Info.plist; sourceTree = "<group>"; };
		84E64F1C1CD0D60A001A06A2 /* ic_catalog.png */ = {isa = PBXFileReference; lastKnownFileType = image.png; name = ic_catalog.png; path = Resources/icon/tabbar/ic_catalog.png; sourceTree = "<group>"; };
		84E64F1D1CD0D60A001A06A2 /* ic_catalog@2x.png */ = {isa = PBXFileReference; lastKnownFileType = image.png; name = "ic_catalog@2x.png"; path = "Resources/icon/tabbar/ic_catalog@2x.png"; sourceTree = "<group>"; };
		84E64F1E1CD0D60A001A06A2 /* ic_catalog@3x.png */ = {isa = PBXFileReference; lastKnownFileType = image.png; name = "ic_catalog@3x.png"; path = "Resources/icon/tabbar/ic_catalog@3x.png"; sourceTree = "<group>"; };
		84E64F1F1CD0D60A001A06A2 /* ic_index.png */ = {isa = PBXFileReference; lastKnownFileType = image.png; name = ic_index.png; path = Resources/icon/tabbar/ic_index.png; sourceTree = "<group>"; };
		84E64F201CD0D60A001A06A2 /* ic_index@2x.png */ = {isa = PBXFileReference; lastKnownFileType = image.png; name = "ic_index@2x.png"; path = "Resources/icon/tabbar/ic_index@2x.png"; sourceTree = "<group>"; };
		84E64F211CD0D60A001A06A2 /* ic_index@3x.png */ = {isa = PBXFileReference; lastKnownFileType = image.png; name = "ic_index@3x.png"; path = "Resources/icon/tabbar/ic_index@3x.png"; sourceTree = "<group>"; };
		84E64F221CD0D60A001A06A2 /* ic_profile.png */ = {isa = PBXFileReference; lastKnownFileType = image.png; name = ic_profile.png; path = Resources/icon/tabbar/ic_profile.png; sourceTree = "<group>"; };
		84E64F231CD0D60A001A06A2 /* ic_profile@2x.png */ = {isa = PBXFileReference; lastKnownFileType = image.png; name = "ic_profile@2x.png"; path = "Resources/icon/tabbar/ic_profile@2x.png"; sourceTree = "<group>"; };
		84E64F241CD0D60A001A06A2 /* ic_profile@3x.png */ = {isa = PBXFileReference; lastKnownFileType = image.png; name = "ic_profile@3x.png"; path = "Resources/icon/tabbar/ic_profile@3x.png"; sourceTree = "<group>"; };
		84E64F321CD0D715001A06A2 /* TLMainViewController.h */ = {isa = PBXFileReference; fileEncoding = 4; lastKnownFileType = sourcecode.c.h; path = TLMainViewController.h; sourceTree = "<group>"; };
		84E64F331CD0D715001A06A2 /* TLMainViewController.m */ = {isa = PBXFileReference; fileEncoding = 4; lastKnownFileType = sourcecode.c.objc; path = TLMainViewController.m; sourceTree = "<group>"; };
		84E64F341CD0D715001A06A2 /* TLMainViewController.xib */ = {isa = PBXFileReference; fileEncoding = 4; lastKnownFileType = file.xib; path = TLMainViewController.xib; sourceTree = "<group>"; };
		84E64F391CD0D747001A06A2 /* TLProfileViewController.h */ = {isa = PBXFileReference; fileEncoding = 4; lastKnownFileType = sourcecode.c.h; path = TLProfileViewController.h; sourceTree = "<group>"; };
		84E64F3A1CD0D747001A06A2 /* TLProfileViewController.m */ = {isa = PBXFileReference; fileEncoding = 4; lastKnownFileType = sourcecode.c.objc; path = TLProfileViewController.m; sourceTree = "<group>"; };
		84E64F3B1CD0D747001A06A2 /* TLProfileViewController.xib */ = {isa = PBXFileReference; fileEncoding = 4; lastKnownFileType = file.xib; path = TLProfileViewController.xib; sourceTree = "<group>"; };
		84E64F3F1CD0D76B001A06A2 /* TLCheckinsViewController.h */ = {isa = PBXFileReference; fileEncoding = 4; lastKnownFileType = sourcecode.c.h; path = TLCheckinsViewController.h; sourceTree = "<group>"; };
		84E64F401CD0D76B001A06A2 /* TLCheckinsViewController.m */ = {isa = PBXFileReference; fileEncoding = 4; lastKnownFileType = sourcecode.c.objc; path = TLCheckinsViewController.m; sourceTree = "<group>"; };
		84E64F411CD0D76B001A06A2 /* TLCheckinsViewController.xib */ = {isa = PBXFileReference; fileEncoding = 4; lastKnownFileType = file.xib; path = TLCheckinsViewController.xib; sourceTree = "<group>"; };
		84E64F451CD0DA6D001A06A2 /* Const.h */ = {isa = PBXFileReference; lastKnownFileType = sourcecode.c.h; path = Const.h; sourceTree = "<group>"; };
		84E64F461CD0DBD5001A06A2 /* BarsAppearance.h */ = {isa = PBXFileReference; fileEncoding = 4; lastKnownFileType = sourcecode.c.h; path = BarsAppearance.h; sourceTree = "<group>"; };
		84E64F471CD0DBD5001A06A2 /* BarsAppearance.m */ = {isa = PBXFileReference; fileEncoding = 4; lastKnownFileType = sourcecode.c.objc; path = BarsAppearance.m; sourceTree = "<group>"; };
		84E64F4A1CD0DD65001A06A2 /* PT_Sans-Web-Bold.ttf */ = {isa = PBXFileReference; lastKnownFileType = file; name = "PT_Sans-Web-Bold.ttf"; path = "Resources/fonts/PT_Sans-Web-Bold.ttf"; sourceTree = "<group>"; };
		84E64F4B1CD0DD65001A06A2 /* PT_Sans-Web-BoldItalic.ttf */ = {isa = PBXFileReference; lastKnownFileType = file; name = "PT_Sans-Web-BoldItalic.ttf"; path = "Resources/fonts/PT_Sans-Web-BoldItalic.ttf"; sourceTree = "<group>"; };
		84E64F4C1CD0DD65001A06A2 /* PT_Sans-Web-Italic.ttf */ = {isa = PBXFileReference; lastKnownFileType = file; name = "PT_Sans-Web-Italic.ttf"; path = "Resources/fonts/PT_Sans-Web-Italic.ttf"; sourceTree = "<group>"; };
		84E64F4D1CD0DD65001A06A2 /* PT_Sans-Web-Regular.ttf */ = {isa = PBXFileReference; lastKnownFileType = file; name = "PT_Sans-Web-Regular.ttf"; path = "Resources/fonts/PT_Sans-Web-Regular.ttf"; sourceTree = "<group>"; };
		84E64F571CD0E5BD001A06A2 /* ru-RU */ = {isa = PBXFileReference; lastKnownFileType = text.plist.strings; name = "ru-RU"; path = "ru-RU.lproj/LaunchScreen.strings"; sourceTree = "<group>"; };
		84E64F581CD0E5BD001A06A2 /* ru-RU */ = {isa = PBXFileReference; lastKnownFileType = text.plist.strings; name = "ru-RU"; path = "ru-RU.lproj/Main.strings"; sourceTree = "<group>"; };
		84E64F5A1CD0E5E2001A06A2 /* en */ = {isa = PBXFileReference; lastKnownFileType = text.plist.strings; name = en; path = en.lproj/Localizable.strings; sourceTree = "<group>"; };
		84E64F5C1CD0E606001A06A2 /* ru-RU */ = {isa = PBXFileReference; lastKnownFileType = text.plist.strings; name = "ru-RU"; path = "ru-RU.lproj/Localizable.strings"; sourceTree = "<group>"; };
		84E64F5F1CD10C8E001A06A2 /* TLLaunchLoginViewController.h */ = {isa = PBXFileReference; fileEncoding = 4; lastKnownFileType = sourcecode.c.h; path = TLLaunchLoginViewController.h; sourceTree = "<group>"; };
		84E64F601CD10C8E001A06A2 /* TLLaunchLoginViewController.m */ = {isa = PBXFileReference; fileEncoding = 4; lastKnownFileType = sourcecode.c.objc; path = TLLaunchLoginViewController.m; sourceTree = "<group>"; };
		84E64F611CD10C8E001A06A2 /* TLLaunchLoginViewController.xib */ = {isa = PBXFileReference; fileEncoding = 4; lastKnownFileType = file.xib; path = TLLaunchLoginViewController.xib; sourceTree = "<group>"; };
		84E64F651CD1139F001A06A2 /* UIButton+TimeLockStyle.h */ = {isa = PBXFileReference; fileEncoding = 4; lastKnownFileType = sourcecode.c.h; path = "UIButton+TimeLockStyle.h"; sourceTree = "<group>"; };
		84E64F661CD1139F001A06A2 /* UIButton+TimeLockStyle.m */ = {isa = PBXFileReference; fileEncoding = 4; lastKnownFileType = sourcecode.c.objc; path = "UIButton+TimeLockStyle.m"; sourceTree = "<group>"; };
		84E64F691CD14BCF001A06A2 /* UIImage+Utilities.h */ = {isa = PBXFileReference; fileEncoding = 4; lastKnownFileType = sourcecode.c.h; path = "UIImage+Utilities.h"; sourceTree = "<group>"; };
		84E64F6A1CD14BCF001A06A2 /* UIImage+Utilities.m */ = {isa = PBXFileReference; fileEncoding = 4; lastKnownFileType = sourcecode.c.objc; path = "UIImage+Utilities.m"; sourceTree = "<group>"; };
		84FDCFE61CDBEFFB006A9039 /* user_placeholder.png */ = {isa = PBXFileReference; lastKnownFileType = image.png; name = user_placeholder.png; path = Resources/img/user_placeholder.png; sourceTree = "<group>"; };
		84FDCFE71CDBEFFC006A9039 /* user_placeholder@2x.png */ = {isa = PBXFileReference; lastKnownFileType = image.png; name = "user_placeholder@2x.png"; path = "Resources/img/user_placeholder@2x.png"; sourceTree = "<group>"; };
		84FDCFE81CDBEFFC006A9039 /* user_placeholder@3x.png */ = {isa = PBXFileReference; lastKnownFileType = image.png; name = "user_placeholder@3x.png"; path = "Resources/img/user_placeholder@3x.png"; sourceTree = "<group>"; };
		84FDCFF21CDBF252006A9039 /* AlertViewController.h */ = {isa = PBXFileReference; fileEncoding = 4; lastKnownFileType = sourcecode.c.h; path = AlertViewController.h; sourceTree = "<group>"; };
		84FDCFF31CDBF252006A9039 /* AlertViewController.m */ = {isa = PBXFileReference; fileEncoding = 4; lastKnownFileType = sourcecode.c.objc; path = AlertViewController.m; sourceTree = "<group>"; };
		84FDCFF41CDBF252006A9039 /* AlertViewController.xib */ = {isa = PBXFileReference; fileEncoding = 4; lastKnownFileType = file.xib; path = AlertViewController.xib; sourceTree = "<group>"; };
		84FDCFF71CDBF65B006A9039 /* ic_alert@2x.png */ = {isa = PBXFileReference; lastKnownFileType = image.png; name = "ic_alert@2x.png"; path = "Resources/icon/ic_alert@2x.png"; sourceTree = "<group>"; };
		84FDCFF81CDBF65B006A9039 /* ic_alert@3x.png */ = {isa = PBXFileReference; lastKnownFileType = image.png; name = "ic_alert@3x.png"; path = "Resources/icon/ic_alert@3x.png"; sourceTree = "<group>"; };
		D4C3556512062F74C2EE573D /* Pods-TimeLock_ios.release.xcconfig */ = {isa = PBXFileReference; includeInIndex = 1; lastKnownFileType = text.xcconfig; name = "Pods-TimeLock_ios.release.xcconfig"; path = "Pods/Target Support Files/Pods-TimeLock_ios/Pods-TimeLock_ios.release.xcconfig"; sourceTree = "<group>"; };
/* End PBXFileReference section */

/* Begin PBXFrameworksBuildPhase section */
		84E64ED81CD0C9E2001A06A2 /* Frameworks */ = {
			isa = PBXFrameworksBuildPhase;
			buildActionMask = 2147483647;
			files = (
				410043D9733188293DFE6FAE /* libPods-TimeLock_ios.a in Frameworks */,
			);
			runOnlyForDeploymentPostprocessing = 0;
		};
		84E64EF41CD0C9E2001A06A2 /* Frameworks */ = {
			isa = PBXFrameworksBuildPhase;
			buildActionMask = 2147483647;
			files = (
			);
			runOnlyForDeploymentPostprocessing = 0;
		};
		84E64EFF1CD0C9E2001A06A2 /* Frameworks */ = {
			isa = PBXFrameworksBuildPhase;
			buildActionMask = 2147483647;
			files = (
			);
			runOnlyForDeploymentPostprocessing = 0;
		};
/* End PBXFrameworksBuildPhase section */

/* Begin PBXGroup section */
		3FCCAB6AF1C64E6EBF5045F3 /* Pods */ = {
			isa = PBXGroup;
			children = (
				4BCCE95DC71BC71C140984B0 /* Pods-TimeLock_ios.debug.xcconfig */,
				D4C3556512062F74C2EE573D /* Pods-TimeLock_ios.release.xcconfig */,
			);
			name = Pods;
			sourceTree = "<group>";
		};
		51ED9C761D9C0AB162E66EB9 /* Frameworks */ = {
			isa = PBXGroup;
			children = (
				67A18EA854D8B86ABB749E27 /* libPods-TimeLock_ios.a */,
			);
			name = Frameworks;
			sourceTree = "<group>";
		};
		84097FE21CDCD98B0050FCE6 /* EmptyStub */ = {
			isa = PBXGroup;
			children = (
				84097FF11CDCDDE80050FCE6 /* EmptyScreenView.h */,
				84097FF21CDCDDE80050FCE6 /* EmptyScreenView.m */,
				84097FE31CDCD9C80050FCE6 /* EmptyScreenView.xib */,
			);
			name = EmptyStub;
			sourceTree = "<group>";
		};
		84097FF41CDCE4B70050FCE6 /* UIRefreshControl+Utils */ = {
			isa = PBXGroup;
			children = (
				84097FF51CDCE4E70050FCE6 /* UIRefreshControl+Utils.h */,
				84097FF61CDCE4E70050FCE6 /* UIRefreshControl+Utils.m */,
			);
			name = "UIRefreshControl+Utils";
			sourceTree = "<group>";
		};
		8446AB121CD8B14C002B0C9C /* Entity */ = {
			isa = PBXGroup;
			children = (
				8446AB181CD8B52E002B0C9C /* User+CoreDataProperties.h */,
				8446AB191CD8B52E002B0C9C /* User+CoreDataProperties.m */,
				8446AB1A1CD8B52E002B0C9C /* User.h */,
				8446AB1B1CD8B52E002B0C9C /* User.m */,
				8446AB241CD8B58F002B0C9C /* Post+CoreDataProperties.h */,
				8446AB251CD8B58F002B0C9C /* Post+CoreDataProperties.m */,
				8446AB261CD8B58F002B0C9C /* Post.h */,
				8446AB271CD8B58F002B0C9C /* Post.m */,
				847D5D421CE63B39009157EE /* Checkin+CoreDataProperties.h */,
				847D5D431CE63B39009157EE /* Checkin+CoreDataProperties.m */,
				847D5D441CE63B39009157EE /* Checkin.h */,
				847D5D451CE63B39009157EE /* Checkin.m */,
				847D5D461CE63B39009157EE /* Note+CoreDataProperties.h */,
				847D5D471CE63B39009157EE /* Note+CoreDataProperties.m */,
				847D5D481CE63B39009157EE /* Note.h */,
				847D5D491CE63B39009157EE /* Note.m */,
			);
			name = Entity;
			sourceTree = "<group>";
		};
		8446AB131CD8B154002B0C9C /* Categories */ = {
			isa = PBXGroup;
			children = (
				8446AB301CD8B5FE002B0C9C /* DataStorageManager+Post.h */,
				8446AB311CD8B5FE002B0C9C /* DataStorageManager+Post.m */,
				8446AB2D1CD8B5EA002B0C9C /* DataStorageManager+User.h */,
				8446AB2E1CD8B5EA002B0C9C /* DataStorageManager+User.m */,
				847D5D3F1CE62289009157EE /* DataStorageManager+Checkin.h */,
				847D5D401CE62289009157EE /* DataStorageManager+Checkin.m */,
			);
			name = Categories;
			sourceTree = "<group>";
		};
		8446AB141CD8B30C002B0C9C /* NSDictionary+SafeGetters */ = {
			isa = PBXGroup;
			children = (
				8446AB151CD8B31C002B0C9C /* NSDictionary+SafeGetters.h */,
				8446AB161CD8B31C002B0C9C /* NSDictionary+SafeGetters.m */,
			);
			name = "NSDictionary+SafeGetters";
			sourceTree = "<group>";
		};
		8446AB331CD8C728002B0C9C /* Post */ = {
			isa = PBXGroup;
			children = (
				8446AB341CD8C745002B0C9C /* TLNetworkManager+Post.h */,
				8446AB351CD8C745002B0C9C /* TLNetworkManager+Post.m */,
			);
			name = Post;
			sourceTree = "<group>";
		};
		8446AB3D1CD91200002B0C9C /* UIRefreshControl+Animation */ = {
			isa = PBXGroup;
			children = (
				8446AB3E1CD91231002B0C9C /* UIRefreshControl+Animation.h */,
				8446AB3F1CD91231002B0C9C /* UIRefreshControl+Animation.m */,
			);
			name = "UIRefreshControl+Animation";
			sourceTree = "<group>";
		};
		8446AB411CD92520002B0C9C /* img */ = {
			isa = PBXGroup;
			children = (
				84FDCFE61CDBEFFB006A9039 /* user_placeholder.png */,
				84FDCFE71CDBEFFC006A9039 /* user_placeholder@2x.png */,
				84FDCFE81CDBEFFC006A9039 /* user_placeholder@3x.png */,
				8446AB421CD9252A002B0C9C /* profileTopCellImage.jpg */,
			);
			name = img;
			sourceTree = "<group>";
		};
		8446AB441CD925E6002B0C9C /* Cell */ = {
			isa = PBXGroup;
			children = (
				8446AB451CD9260A002B0C9C /* TopProfileTableViewCell.h */,
				8446AB461CD9260A002B0C9C /* TopProfileTableViewCell.m */,
				8446AB471CD9260A002B0C9C /* TopProfileTableViewCell.xib */,
				8446AB4A1CD92625002B0C9C /* ProfileSettingsTableViewCell.h */,
				8446AB4B1CD92625002B0C9C /* ProfileSettingsTableViewCell.m */,
				8446AB4C1CD92625002B0C9C /* ProfileSettingsTableViewCell.xib */,
			);
			name = Cell;
			sourceTree = "<group>";
		};
		8446AB4F1CD936EB002B0C9C /* HighlightedButton */ = {
			isa = PBXGroup;
			children = (
				8446AB501CD936FB002B0C9C /* TableViewButton.h */,
				8446AB511CD936FB002B0C9C /* TableViewButton.m */,
			);
			name = HighlightedButton;
			sourceTree = "<group>";
		};
		8448A97D1CD611AF008E4AE1 /* Utils */ = {
			isa = PBXGroup;
			children = (
				8448A97A1CD611AA008E4AE1 /* TLUtils.h */,
				8448A97B1CD611AA008E4AE1 /* TLUtils.m */,
			);
			name = Utils;
			sourceTree = "<group>";
		};
		844F944E1CDE24AF0033647F /* UserViewController */ = {
			isa = PBXGroup;
			children = (
				844F94551CDE32280033647F /* Cell */,
				844F944F1CDE24D80033647F /* UserViewController.h */,
				844F94501CDE24D80033647F /* UserViewController.m */,
				844F94511CDE24D80033647F /* UserViewController.xib */,
			);
			name = UserViewController;
			sourceTree = "<group>";
		};
		844F94551CDE32280033647F /* Cell */ = {
			isa = PBXGroup;
			children = (
				844F94561CDE324B0033647F /* UserTopTableViewCell.h */,
				844F94571CDE324B0033647F /* UserTopTableViewCell.m */,
				844F94581CDE324B0033647F /* UserTopTableViewCell.xib */,
				844F945B1CDE32620033647F /* UserFullNameTableViewCell.h */,
				844F945C1CDE32620033647F /* UserFullNameTableViewCell.m */,
				844F945D1CDE32620033647F /* UserFullNameTableViewCell.xib */,
				844F94691CDE3FE20033647F /* UserCompanyTableViewCell.h */,
				844F946A1CDE3FE20033647F /* UserCompanyTableViewCell.m */,
				844F946B1CDE3FE20033647F /* UserCompanyTableViewCell.xib */,
			);
			name = Cell;
			sourceTree = "<group>";
		};
		844F94651CDE35F50033647F /* User */ = {
			isa = PBXGroup;
			children = (
				844F94661CDE36110033647F /* TLNetworkManager+User.h */,
				844F94671CDE36110033647F /* TLNetworkManager+User.m */,
			);
			name = User;
			sourceTree = "<group>";
		};
		847D5D3B1CE62045009157EE /* Checkins */ = {
			isa = PBXGroup;
			children = (
				847D5D3C1CE6206A009157EE /* TLNetworkManager+Checkin.h */,
				847D5D3D1CE6206A009157EE /* TLNetworkManager+Checkin.m */,
			);
			name = Checkins;
			sourceTree = "<group>";
		};
		84AD1E861CDFB2910055CB87 /* ChangeProfileViewController */ = {
			isa = PBXGroup;
			children = (
				84AD1E8C1CDFB8A70055CB87 /* Cell */,
				84AD1E871CDFB2D90055CB87 /* ChangeProfileViewController.h */,
				84AD1E881CDFB2D90055CB87 /* ChangeProfileViewController.m */,
				84AD1E891CDFB2D90055CB87 /* ChangeProfileViewController.xib */,
			);
			name = ChangeProfileViewController;
			sourceTree = "<group>";
		};
		84AD1E8C1CDFB8A70055CB87 /* Cell */ = {
			isa = PBXGroup;
			children = (
				84AD1E8D1CDFB8CA0055CB87 /* ChangeProfileDataTableViewCell.h */,
				84AD1E8E1CDFB8CA0055CB87 /* ChangeProfileDataTableViewCell.m */,
				84AD1E8F1CDFB8CA0055CB87 /* ChangeProfileDataTableViewCell.xib */,
				84AD1E921CDFB8E50055CB87 /* ChangeProfileResultTableViewCell.h */,
				84AD1E931CDFB8E50055CB87 /* ChangeProfileResultTableViewCell.m */,
				84AD1E941CDFB8E50055CB87 /* ChangeProfileResultTableViewCell.xib */,
			);
			name = Cell;
			sourceTree = "<group>";
		};
		84AD1E971CDFC48E0055CB87 /* navbar */ = {
			isa = PBXGroup;
			children = (
				84AD1EA41CDFC4F20055CB87 /* icBack.png */,
				84AD1EA51CDFC4F20055CB87 /* icBack@2x.png */,
				84AD1EA61CDFC4F30055CB87 /* icBack@3x.png */,
				84AD1EA71CDFC4F30055CB87 /* icBackPressed.png */,
				84AD1EA81CDFC4F30055CB87 /* icBackPressed@2x.png */,
				84AD1EA91CDFC4F30055CB87 /* icBackPressed@3x.png */,
			);
			name = navbar;
			sourceTree = "<group>";
		};
		84B9F9661CD3B6560088D718 /* Authorization */ = {
			isa = PBXGroup;
			children = (
				84B9F9671CD3B6AF0088D718 /* TLNetworkManager+Authorization.h */,
				84B9F9681CD3B6AF0088D718 /* TLNetworkManager+Authorization.m */,
			);
			name = Authorization;
			sourceTree = "<group>";
		};
		84D3B0941CE775580064049F /* Cell */ = {
			isa = PBXGroup;
			children = (
				84D3B0951CE776170064049F /* CheckinsGraphicsTableViewCell.h */,
				84D3B0961CE776170064049F /* CheckinsGraphicsTableViewCell.m */,
				84D3B0971CE776170064049F /* CheckinsGraphicsTableViewCell.xib */,
				84D3B09A1CE77AEC0064049F /* SingleCheckinTableViewCell.h */,
				84D3B09B1CE77AEC0064049F /* SingleCheckinTableViewCell.m */,
				84D3B09C1CE77AEC0064049F /* SingleCheckinTableViewCell.xib */,
				84D3B09F1CE77B140064049F /* NoteTableViewCell.h */,
				84D3B0A01CE77B140064049F /* NoteTableViewCell.m */,
				84D3B0A11CE77B140064049F /* NoteTableViewCell.xib */,
			);
			name = Cell;
			sourceTree = "<group>";
		};
		84D3B0A41CE7AB4C0064049F /* GraphView */ = {
			isa = PBXGroup;
			children = (
				84D3B0A51CE7AB770064049F /* GraphView.h */,
				84D3B0A61CE7AB770064049F /* GraphView.m */,
			);
			name = GraphView;
			sourceTree = "<group>";
		};
		84E64ED21CD0C9E1001A06A2 = {
			isa = PBXGroup;
			children = (
				84E64EDD1CD0C9E2001A06A2 /* TimeLock_ios */,
				84E64F191CD0D576001A06A2 /* Resources */,
				84E64EFA1CD0C9E2001A06A2 /* TimeLock_iosTests */,
				84E64F051CD0C9E2001A06A2 /* TimeLock_iosUITests */,
				84E64EDC1CD0C9E2001A06A2 /* Products */,
				3FCCAB6AF1C64E6EBF5045F3 /* Pods */,
				51ED9C761D9C0AB162E66EB9 /* Frameworks */,
			);
			sourceTree = "<group>";
		};
		84E64EDC1CD0C9E2001A06A2 /* Products */ = {
			isa = PBXGroup;
			children = (
				84E64EDB1CD0C9E2001A06A2 /* TimeLock_ios.app */,
				84E64EF71CD0C9E2001A06A2 /* TimeLock_iosTests.xctest */,
				84E64F021CD0C9E2001A06A2 /* TimeLock_iosUITests.xctest */,
			);
			name = Products;
			sourceTree = "<group>";
		};
		84E64EDD1CD0C9E2001A06A2 /* TimeLock_ios */ = {
			isa = PBXGroup;
			children = (
				84E64F181CD0D31B001A06A2 /* DataManager */,
				84E64F171CD0D312001A06A2 /* NetworkManager */,
				84E64F151CD0D2E9001A06A2 /* ReusableLayer */,
				84E64EDE1CD0C9E2001A06A2 /* Supporting Files */,
				84E64F161CD0D2F1001A06A2 /* Utils */,
				84E64F2E1CD0D6B4001A06A2 /* ViewControllers */,
				84E64EE11CD0C9E2001A06A2 /* AppDelegate.h */,
				84E64EE21CD0C9E2001A06A2 /* AppDelegate.m */,
				84E64EF21CD0C9E2001A06A2 /* Info.plist */,
				84E64EED1CD0C9E2001A06A2 /* Assets.xcassets */,
				84E64EEF1CD0C9E2001A06A2 /* LaunchScreen.storyboard */,
				84E64EE71CD0C9E2001A06A2 /* Main.storyboard */,
			);
			path = TimeLock_ios;
			sourceTree = "<group>";
		};
		84E64EDE1CD0C9E2001A06A2 /* Supporting Files */ = {
			isa = PBXGroup;
			children = (
				84E64EDF1CD0C9E2001A06A2 /* main.m */,
				844F94541CDE264D0033647F /* TimeLockPrefixHeader.pch */,
			);
			name = "Supporting Files";
			sourceTree = "<group>";
		};
		84E64EFA1CD0C9E2001A06A2 /* TimeLock_iosTests */ = {
			isa = PBXGroup;
			children = (
				84E64EFB1CD0C9E2001A06A2 /* TimeLock_iosTests.m */,
				84E64EFD1CD0C9E2001A06A2 /* Info.plist */,
			);
			path = TimeLock_iosTests;
			sourceTree = "<group>";
		};
		84E64F051CD0C9E2001A06A2 /* TimeLock_iosUITests */ = {
			isa = PBXGroup;
			children = (
				84E64F061CD0C9E2001A06A2 /* TimeLock_iosUITests.m */,
				84E64F081CD0C9E2001A06A2 /* Info.plist */,
			);
			path = TimeLock_iosUITests;
			sourceTree = "<group>";
		};
		84E64F151CD0D2E9001A06A2 /* ReusableLayer */ = {
			isa = PBXGroup;
			children = (
				84097FE21CDCD98B0050FCE6 /* EmptyStub */,
				84FDCFEC1CDBF213006A9039 /* AlertViewController */,
			);
			name = ReusableLayer;
			sourceTree = "<group>";
		};
		84E64F161CD0D2F1001A06A2 /* Utils */ = {
			isa = PBXGroup;
			children = (
				8446AB4F1CD936EB002B0C9C /* HighlightedButton */,
				8446AB3D1CD91200002B0C9C /* UIRefreshControl+Animation */,
				84097FF41CDCE4B70050FCE6 /* UIRefreshControl+Utils */,
				8446AB141CD8B30C002B0C9C /* NSDictionary+SafeGetters */,
				8448A97D1CD611AF008E4AE1 /* Utils */,
				84E64F681CD14BBA001A06A2 /* UIImage+Utilities */,
				84E64F641CD11378001A06A2 /* ButtonStyle */,
				84E64F5D1CD10C1D001A06A2 /* BarsAppearance */,
				84E64F451CD0DA6D001A06A2 /* Const.h */,
			);
			name = Utils;
			sourceTree = "<group>";
		};
		84E64F171CD0D312001A06A2 /* NetworkManager */ = {
			isa = PBXGroup;
			children = (
				847D5D3B1CE62045009157EE /* Checkins */,
				844F94651CDE35F50033647F /* User */,
				8446AB331CD8C728002B0C9C /* Post */,
				84B9F9661CD3B6560088D718 /* Authorization */,
				84B9F9631CD3AD4F0088D718 /* TLNetworkManager.h */,
				84B9F9641CD3AD4F0088D718 /* TLNetworkManager.m */,
			);
			name = NetworkManager;
			sourceTree = "<group>";
		};
		84E64F181CD0D31B001A06A2 /* DataManager */ = {
			isa = PBXGroup;
			children = (
				8446AB131CD8B154002B0C9C /* Categories */,
				8446AB121CD8B14C002B0C9C /* Entity */,
				84E64EEA1CD0C9E2001A06A2 /* TimeLock_ios.xcdatamodeld */,
				8446AB0F1CD8B10B002B0C9C /* DataStorageManager.h */,
				8446AB101CD8B10B002B0C9C /* DataStorageManager.m */,
			);
			name = DataManager;
			sourceTree = "<group>";
		};
		84E64F191CD0D576001A06A2 /* Resources */ = {
			isa = PBXGroup;
			children = (
				8446AB411CD92520002B0C9C /* img */,
				84E64F491CD0DD59001A06A2 /* fonts */,
				84E64F1A1CD0D585001A06A2 /* icon */,
				84E64F521CD0E21B001A06A2 /* Strings */,
			);
			name = Resources;
			sourceTree = "<group>";
		};
		84E64F1A1CD0D585001A06A2 /* icon */ = {
			isa = PBXGroup;
			children = (
				84AD1E971CDFC48E0055CB87 /* navbar */,
				84E64F1B1CD0D58A001A06A2 /* tabbar */,
				84FDCFF71CDBF65B006A9039 /* ic_alert@2x.png */,
				84FDCFF81CDBF65B006A9039 /* ic_alert@3x.png */,
				84097FE51CDCDAC30050FCE6 /* ic_arrow_down.png */,
				84097FE61CDCDAC30050FCE6 /* ic_arrow_down@2x.png */,
				84097FE71CDCDAC30050FCE6 /* ic_arrow_down@3x.png */,
				84097FEB1CDCDB640050FCE6 /* ic_sad_smile.png */,
				84097FEC1CDCDB640050FCE6 /* ic_sad_smile@2x.png */,
				84097FED1CDCDB640050FCE6 /* ic_sad_smile@3x.png */,
				847D5D4E1CE676E5009157EE /* ic_arrow_left@2x.png */,
				847D5D4F1CE676E5009157EE /* ic_arrow_left@3x.png */,
				847D5D501CE676E5009157EE /* ic_arrow_right@2x.png */,
				847D5D511CE676E5009157EE /* ic_arrow_right@3x.png */,
			);
			name = icon;
			sourceTree = "<group>";
		};
		84E64F1B1CD0D58A001A06A2 /* tabbar */ = {
			isa = PBXGroup;
			children = (
				84E64F1C1CD0D60A001A06A2 /* ic_catalog.png */,
				84E64F1D1CD0D60A001A06A2 /* ic_catalog@2x.png */,
				84E64F1E1CD0D60A001A06A2 /* ic_catalog@3x.png */,
				84E64F1F1CD0D60A001A06A2 /* ic_index.png */,
				84E64F201CD0D60A001A06A2 /* ic_index@2x.png */,
				84E64F211CD0D60A001A06A2 /* ic_index@3x.png */,
				84E64F221CD0D60A001A06A2 /* ic_profile.png */,
				84E64F231CD0D60A001A06A2 /* ic_profile@2x.png */,
				84E64F241CD0D60A001A06A2 /* ic_profile@3x.png */,
			);
			name = tabbar;
			sourceTree = "<group>";
		};
		84E64F2E1CD0D6B4001A06A2 /* ViewControllers */ = {
			isa = PBXGroup;
			children = (
				84E64F5E1CD10C45001A06A2 /* LaunchLogin */,
				84E64F311CD0D6D9001A06A2 /* Checkins */,
				84E64F2F1CD0D6B9001A06A2 /* Main */,
				84E64F301CD0D6D0001A06A2 /* Profile */,
			);
			name = ViewControllers;
			sourceTree = "<group>";
		};
		84E64F2F1CD0D6B9001A06A2 /* Main */ = {
			isa = PBXGroup;
			children = (
				844F944E1CDE24AF0033647F /* UserViewController */,
				84E64F371CD0D71D001A06A2 /* MainViewController */,
			);
			name = Main;
			sourceTree = "<group>";
		};
		84E64F301CD0D6D0001A06A2 /* Profile */ = {
			isa = PBXGroup;
			children = (
				84AD1E861CDFB2910055CB87 /* ChangeProfileViewController */,
				84E64F381CD0D729001A06A2 /* ProfileViewController */,
			);
			name = Profile;
			sourceTree = "<group>";
		};
		84E64F311CD0D6D9001A06A2 /* Checkins */ = {
			isa = PBXGroup;
			children = (
				84E64F3E1CD0D751001A06A2 /* CheckinsViewController */,
			);
			name = Checkins;
			sourceTree = "<group>";
		};
		84E64F371CD0D71D001A06A2 /* MainViewController */ = {
			isa = PBXGroup;
			children = (
				84E64F321CD0D715001A06A2 /* TLMainViewController.h */,
				84E64F331CD0D715001A06A2 /* TLMainViewController.m */,
				84E64F341CD0D715001A06A2 /* TLMainViewController.xib */,
				8446AB381CD8F949002B0C9C /* PostTableViewCell.h */,
				8446AB391CD8F949002B0C9C /* PostTableViewCell.m */,
				8446AB3A1CD8F949002B0C9C /* PostTableViewCell.xib */,
			);
			name = MainViewController;
			sourceTree = "<group>";
		};
		84E64F381CD0D729001A06A2 /* ProfileViewController */ = {
			isa = PBXGroup;
			children = (
				8446AB441CD925E6002B0C9C /* Cell */,
				84E64F391CD0D747001A06A2 /* TLProfileViewController.h */,
				84E64F3A1CD0D747001A06A2 /* TLProfileViewController.m */,
				84E64F3B1CD0D747001A06A2 /* TLProfileViewController.xib */,
			);
			name = ProfileViewController;
			sourceTree = "<group>";
		};
		84E64F3E1CD0D751001A06A2 /* CheckinsViewController */ = {
			isa = PBXGroup;
			children = (
				84D3B0A41CE7AB4C0064049F /* GraphView */,
				84D3B0941CE775580064049F /* Cell */,
				84E64F3F1CD0D76B001A06A2 /* TLCheckinsViewController.h */,
				84E64F401CD0D76B001A06A2 /* TLCheckinsViewController.m */,
				84E64F411CD0D76B001A06A2 /* TLCheckinsViewController.xib */,
			);
			name = CheckinsViewController;
			sourceTree = "<group>";
		};
		84E64F491CD0DD59001A06A2 /* fonts */ = {
			isa = PBXGroup;
			children = (
				84E64F4A1CD0DD65001A06A2 /* PT_Sans-Web-Bold.ttf */,
				84E64F4B1CD0DD65001A06A2 /* PT_Sans-Web-BoldItalic.ttf */,
				84E64F4C1CD0DD65001A06A2 /* PT_Sans-Web-Italic.ttf */,
				84E64F4D1CD0DD65001A06A2 /* PT_Sans-Web-Regular.ttf */,
			);
			name = fonts;
			sourceTree = "<group>";
		};
		84E64F521CD0E21B001A06A2 /* Strings */ = {
			isa = PBXGroup;
			children = (
				84E64F5B1CD0E5E2001A06A2 /* Localizable.strings */,
			);
			name = Strings;
			sourceTree = "<group>";
		};
		84E64F5D1CD10C1D001A06A2 /* BarsAppearance */ = {
			isa = PBXGroup;
			children = (
				84E64F461CD0DBD5001A06A2 /* BarsAppearance.h */,
				84E64F471CD0DBD5001A06A2 /* BarsAppearance.m */,
			);
			name = BarsAppearance;
			sourceTree = "<group>";
		};
		84E64F5E1CD10C45001A06A2 /* LaunchLogin */ = {
			isa = PBXGroup;
			children = (
				84E64F5F1CD10C8E001A06A2 /* TLLaunchLoginViewController.h */,
				84E64F601CD10C8E001A06A2 /* TLLaunchLoginViewController.m */,
				84E64F611CD10C8E001A06A2 /* TLLaunchLoginViewController.xib */,
			);
			name = LaunchLogin;
			sourceTree = "<group>";
		};
		84E64F641CD11378001A06A2 /* ButtonStyle */ = {
			isa = PBXGroup;
			children = (
				84E64F651CD1139F001A06A2 /* UIButton+TimeLockStyle.h */,
				84E64F661CD1139F001A06A2 /* UIButton+TimeLockStyle.m */,
			);
			name = ButtonStyle;
			sourceTree = "<group>";
		};
		84E64F681CD14BBA001A06A2 /* UIImage+Utilities */ = {
			isa = PBXGroup;
			children = (
				84E64F691CD14BCF001A06A2 /* UIImage+Utilities.h */,
				84E64F6A1CD14BCF001A06A2 /* UIImage+Utilities.m */,
			);
			name = "UIImage+Utilities";
			sourceTree = "<group>";
		};
		84FDCFEC1CDBF213006A9039 /* AlertViewController */ = {
			isa = PBXGroup;
			children = (
				84FDCFF21CDBF252006A9039 /* AlertViewController.h */,
				84FDCFF31CDBF252006A9039 /* AlertViewController.m */,
				84FDCFF41CDBF252006A9039 /* AlertViewController.xib */,
			);
			name = AlertViewController;
			sourceTree = "<group>";
		};
/* End PBXGroup section */

/* Begin PBXNativeTarget section */
		84E64EDA1CD0C9E2001A06A2 /* TimeLock_ios */ = {
			isa = PBXNativeTarget;
			buildConfigurationList = 84E64F0B1CD0C9E2001A06A2 /* Build configuration list for PBXNativeTarget "TimeLock_ios" */;
			buildPhases = (
				81592285F5A9063CEDB7D42D /* Check Pods Manifest.lock */,
				84E64ED71CD0C9E2001A06A2 /* Sources */,
				84E64ED81CD0C9E2001A06A2 /* Frameworks */,
				84E64ED91CD0C9E2001A06A2 /* Resources */,
				B760DC02804AA38C06412891 /* Embed Pods Frameworks */,
				643CB585D700327D46F3FE3E /* Copy Pods Resources */,
			);
			buildRules = (
			);
			dependencies = (
			);
			name = TimeLock_ios;
			productName = TimeLock_ios;
			productReference = 84E64EDB1CD0C9E2001A06A2 /* TimeLock_ios.app */;
			productType = "com.apple.product-type.application";
		};
		84E64EF61CD0C9E2001A06A2 /* TimeLock_iosTests */ = {
			isa = PBXNativeTarget;
			buildConfigurationList = 84E64F0E1CD0C9E2001A06A2 /* Build configuration list for PBXNativeTarget "TimeLock_iosTests" */;
			buildPhases = (
				84E64EF31CD0C9E2001A06A2 /* Sources */,
				84E64EF41CD0C9E2001A06A2 /* Frameworks */,
				84E64EF51CD0C9E2001A06A2 /* Resources */,
			);
			buildRules = (
			);
			dependencies = (
				84E64EF91CD0C9E2001A06A2 /* PBXTargetDependency */,
			);
			name = TimeLock_iosTests;
			productName = TimeLock_iosTests;
			productReference = 84E64EF71CD0C9E2001A06A2 /* TimeLock_iosTests.xctest */;
			productType = "com.apple.product-type.bundle.unit-test";
		};
		84E64F011CD0C9E2001A06A2 /* TimeLock_iosUITests */ = {
			isa = PBXNativeTarget;
			buildConfigurationList = 84E64F111CD0C9E2001A06A2 /* Build configuration list for PBXNativeTarget "TimeLock_iosUITests" */;
			buildPhases = (
				84E64EFE1CD0C9E2001A06A2 /* Sources */,
				84E64EFF1CD0C9E2001A06A2 /* Frameworks */,
				84E64F001CD0C9E2001A06A2 /* Resources */,
			);
			buildRules = (
			);
			dependencies = (
				84E64F041CD0C9E2001A06A2 /* PBXTargetDependency */,
			);
			name = TimeLock_iosUITests;
			productName = TimeLock_iosUITests;
			productReference = 84E64F021CD0C9E2001A06A2 /* TimeLock_iosUITests.xctest */;
			productType = "com.apple.product-type.bundle.ui-testing";
		};
/* End PBXNativeTarget section */

/* Begin PBXProject section */
		84E64ED31CD0C9E1001A06A2 /* Project object */ = {
			isa = PBXProject;
			attributes = {
				LastUpgradeCheck = 0730;
				ORGANIZATIONNAME = "Александр Чаусов";
				TargetAttributes = {
					84E64EDA1CD0C9E2001A06A2 = {
						CreatedOnToolsVersion = 7.3;
					};
					84E64EF61CD0C9E2001A06A2 = {
						CreatedOnToolsVersion = 7.3;
						TestTargetID = 84E64EDA1CD0C9E2001A06A2;
					};
					84E64F011CD0C9E2001A06A2 = {
						CreatedOnToolsVersion = 7.3;
						TestTargetID = 84E64EDA1CD0C9E2001A06A2;
					};
				};
			};
			buildConfigurationList = 84E64ED61CD0C9E1001A06A2 /* Build configuration list for PBXProject "TimeLock_ios" */;
			compatibilityVersion = "Xcode 3.2";
			developmentRegion = English;
			hasScannedForEncodings = 0;
			knownRegions = (
				en,
				Base,
				"ru-RU",
			);
			mainGroup = 84E64ED21CD0C9E1001A06A2;
			productRefGroup = 84E64EDC1CD0C9E2001A06A2 /* Products */;
			projectDirPath = "";
			projectRoot = "";
			targets = (
				84E64EDA1CD0C9E2001A06A2 /* TimeLock_ios */,
				84E64EF61CD0C9E2001A06A2 /* TimeLock_iosTests */,
				84E64F011CD0C9E2001A06A2 /* TimeLock_iosUITests */,
			);
		};
/* End PBXProject section */

/* Begin PBXResourcesBuildPhase section */
		84E64ED91CD0C9E2001A06A2 /* Resources */ = {
			isa = PBXResourcesBuildPhase;
			buildActionMask = 2147483647;
			files = (
				84E64F4E1CD0DEC0001A06A2 /* PT_Sans-Web-Bold.ttf in Resources */,
				847D5D541CE676E5009157EE /* ic_arrow_right@2x.png in Resources */,
				844F945F1CDE32620033647F /* UserFullNameTableViewCell.xib in Resources */,
				84FDCFF91CDBF65B006A9039 /* ic_alert@2x.png in Resources */,
				84E64F4F1CD0DEC0001A06A2 /* PT_Sans-Web-BoldItalic.ttf in Resources */,
				844F946D1CDE3FE20033647F /* UserCompanyTableViewCell.xib in Resources */,
				847D5D521CE676E5009157EE /* ic_arrow_left@2x.png in Resources */,
				84D3B09E1CE77AEC0064049F /* SingleCheckinTableViewCell.xib in Resources */,
				84E64F631CD10C8E001A06A2 /* TLLaunchLoginViewController.xib in Resources */,
				84E64F501CD0DEC0001A06A2 /* PT_Sans-Web-Italic.ttf in Resources */,
				84E64F511CD0DEC0001A06A2 /* PT_Sans-Web-Regular.ttf in Resources */,
				8446AB431CD9252A002B0C9C /* profileTopCellImage.jpg in Resources */,
				84E64EF11CD0C9E2001A06A2 /* LaunchScreen.storyboard in Resources */,
				84AD1E8B1CDFB2D90055CB87 /* ChangeProfileViewController.xib in Resources */,
				84E64F591CD0E5E2001A06A2 /* Localizable.strings in Resources */,
				84FDCFEA1CDBEFFC006A9039 /* user_placeholder@2x.png in Resources */,
				84E64EEE1CD0C9E2001A06A2 /* Assets.xcassets in Resources */,
				84E64F2A1CD0D60A001A06A2 /* ic_index@3x.png in Resources */,
				84AD1E911CDFB8CA0055CB87 /* ChangeProfileDataTableViewCell.xib in Resources */,
				84E64EE91CD0C9E2001A06A2 /* Main.storyboard in Resources */,
				8446AB491CD9260A002B0C9C /* TopProfileTableViewCell.xib in Resources */,
				844F945A1CDE324B0033647F /* UserTopTableViewCell.xib in Resources */,
				84097FE41CDCD9C80050FCE6 /* EmptyScreenView.xib in Resources */,
				84AD1EAE1CDFC4F30055CB87 /* icBackPressed@2x.png in Resources */,
				847D5D551CE676E5009157EE /* ic_arrow_right@3x.png in Resources */,
				84097FEE1CDCDB640050FCE6 /* ic_sad_smile.png in Resources */,
				84E64F2C1CD0D60A001A06A2 /* ic_profile@2x.png in Resources */,
				84E64F281CD0D60A001A06A2 /* ic_index.png in Resources */,
				84097FE81CDCDAC30050FCE6 /* ic_arrow_down.png in Resources */,
				84AD1EAC1CDFC4F30055CB87 /* icBack@3x.png in Resources */,
				8446AB4E1CD92625002B0C9C /* ProfileSettingsTableViewCell.xib in Resources */,
				84D3B0A31CE77B140064049F /* NoteTableViewCell.xib in Resources */,
				84E64F2B1CD0D60A001A06A2 /* ic_profile.png in Resources */,
				8446AB3C1CD8F949002B0C9C /* PostTableViewCell.xib in Resources */,
				84E64F271CD0D60A001A06A2 /* ic_catalog@3x.png in Resources */,
				84FDCFE91CDBEFFC006A9039 /* user_placeholder.png in Resources */,
				84D3B0991CE776170064049F /* CheckinsGraphicsTableViewCell.xib in Resources */,
				84AD1EAF1CDFC4F30055CB87 /* icBackPressed@3x.png in Resources */,
				84E64F261CD0D60A001A06A2 /* ic_catalog@2x.png in Resources */,
				84AD1E961CDFB8E50055CB87 /* ChangeProfileResultTableViewCell.xib in Resources */,
				84E64F361CD0D715001A06A2 /* TLMainViewController.xib in Resources */,
				84AD1EAA1CDFC4F30055CB87 /* icBack.png in Resources */,
				84097FEA1CDCDAC30050FCE6 /* ic_arrow_down@3x.png in Resources */,
				84FDCFFA1CDBF65B006A9039 /* ic_alert@3x.png in Resources */,
				84E64F3D1CD0D747001A06A2 /* TLProfileViewController.xib in Resources */,
				84FDCFF61CDBF252006A9039 /* AlertViewController.xib in Resources */,
				84097FEF1CDCDB640050FCE6 /* ic_sad_smile@2x.png in Resources */,
				84E64F251CD0D60A001A06A2 /* ic_catalog.png in Resources */,
				84AD1EAB1CDFC4F30055CB87 /* icBack@2x.png in Resources */,
				84E64F431CD0D76B001A06A2 /* TLCheckinsViewController.xib in Resources */,
				84097FE91CDCDAC30050FCE6 /* ic_arrow_down@2x.png in Resources */,
				847D5D531CE676E5009157EE /* ic_arrow_left@3x.png in Resources */,
				84E64F291CD0D60A001A06A2 /* ic_index@2x.png in Resources */,
				84FDCFEB1CDBEFFC006A9039 /* user_placeholder@3x.png in Resources */,
				84AD1EAD1CDFC4F30055CB87 /* icBackPressed.png in Resources */,
				84E64F2D1CD0D60A001A06A2 /* ic_profile@3x.png in Resources */,
				844F94531CDE24D80033647F /* UserViewController.xib in Resources */,
				84097FF01CDCDB640050FCE6 /* ic_sad_smile@3x.png in Resources */,
			);
			runOnlyForDeploymentPostprocessing = 0;
		};
		84E64EF51CD0C9E2001A06A2 /* Resources */ = {
			isa = PBXResourcesBuildPhase;
			buildActionMask = 2147483647;
			files = (
			);
			runOnlyForDeploymentPostprocessing = 0;
		};
		84E64F001CD0C9E2001A06A2 /* Resources */ = {
			isa = PBXResourcesBuildPhase;
			buildActionMask = 2147483647;
			files = (
			);
			runOnlyForDeploymentPostprocessing = 0;
		};
/* End PBXResourcesBuildPhase section */

/* Begin PBXShellScriptBuildPhase section */
		643CB585D700327D46F3FE3E /* Copy Pods Resources */ = {
			isa = PBXShellScriptBuildPhase;
			buildActionMask = 2147483647;
			files = (
			);
			inputPaths = (
			);
			name = "Copy Pods Resources";
			outputPaths = (
			);
			runOnlyForDeploymentPostprocessing = 0;
			shellPath = /bin/sh;
			shellScript = "\"${SRCROOT}/Pods/Target Support Files/Pods-TimeLock_ios/Pods-TimeLock_ios-resources.sh\"\n";
			showEnvVarsInLog = 0;
		};
		81592285F5A9063CEDB7D42D /* Check Pods Manifest.lock */ = {
			isa = PBXShellScriptBuildPhase;
			buildActionMask = 2147483647;
			files = (
			);
			inputPaths = (
			);
			name = "Check Pods Manifest.lock";
			outputPaths = (
			);
			runOnlyForDeploymentPostprocessing = 0;
			shellPath = /bin/sh;
			shellScript = "diff \"${PODS_ROOT}/../Podfile.lock\" \"${PODS_ROOT}/Manifest.lock\" > /dev/null\nif [[ $? != 0 ]] ; then\n    cat << EOM\nerror: The sandbox is not in sync with the Podfile.lock. Run 'pod install' or update your CocoaPods installation.\nEOM\n    exit 1\nfi\n";
			showEnvVarsInLog = 0;
		};
		B760DC02804AA38C06412891 /* Embed Pods Frameworks */ = {
			isa = PBXShellScriptBuildPhase;
			buildActionMask = 2147483647;
			files = (
			);
			inputPaths = (
			);
			name = "Embed Pods Frameworks";
			outputPaths = (
			);
			runOnlyForDeploymentPostprocessing = 0;
			shellPath = /bin/sh;
			shellScript = "\"${SRCROOT}/Pods/Target Support Files/Pods-TimeLock_ios/Pods-TimeLock_ios-frameworks.sh\"\n";
			showEnvVarsInLog = 0;
		};
/* End PBXShellScriptBuildPhase section */

/* Begin PBXSourcesBuildPhase section */
		84E64ED71CD0C9E2001A06A2 /* Sources */ = {
			isa = PBXSourcesBuildPhase;
			buildActionMask = 2147483647;
			files = (
				84B9F9651CD3AD4F0088D718 /* TLNetworkManager.m in Sources */,
				84E64F481CD0DBD5001A06A2 /* BarsAppearance.m in Sources */,
				84AD1E8A1CDFB2D90055CB87 /* ChangeProfileViewController.m in Sources */,
				84D3B0A71CE7AB770064049F /* GraphView.m in Sources */,
				84E64EE31CD0C9E2001A06A2 /* AppDelegate.m in Sources */,
				8448A97C1CD611AA008E4AE1 /* TLUtils.m in Sources */,
				84097FF31CDCDDE90050FCE6 /* EmptyScreenView.m in Sources */,
				8446AB211CD8B52E002B0C9C /* User.m in Sources */,
				844F94591CDE324B0033647F /* UserTopTableViewCell.m in Sources */,
				84E64F351CD0D715001A06A2 /* TLMainViewController.m in Sources */,
				8446AB2F1CD8B5EA002B0C9C /* DataStorageManager+User.m in Sources */,
				8446AB291CD8B58F002B0C9C /* Post.m in Sources */,
				8446AB481CD9260A002B0C9C /* TopProfileTableViewCell.m in Sources */,
				844F946C1CDE3FE20033647F /* UserCompanyTableViewCell.m in Sources */,
				847D5D4B1CE63B39009157EE /* Checkin.m in Sources */,
				84097FF71CDCE4E70050FCE6 /* UIRefreshControl+Utils.m in Sources */,
				8446AB401CD91231002B0C9C /* UIRefreshControl+Animation.m in Sources */,
				844F94681CDE36110033647F /* TLNetworkManager+User.m in Sources */,
				8446AB171CD8B31C002B0C9C /* NSDictionary+SafeGetters.m in Sources */,
				8446AB321CD8B5FE002B0C9C /* DataStorageManager+Post.m in Sources */,
				8446AB361CD8C745002B0C9C /* TLNetworkManager+Post.m in Sources */,
				844F945E1CDE32620033647F /* UserFullNameTableViewCell.m in Sources */,
				8446AB3B1CD8F949002B0C9C /* PostTableViewCell.m in Sources */,
				84E64F621CD10C8E001A06A2 /* TLLaunchLoginViewController.m in Sources */,
				84E64F671CD1139F001A06A2 /* UIButton+TimeLockStyle.m in Sources */,
				84E64F421CD0D76B001A06A2 /* TLCheckinsViewController.m in Sources */,
				84D3B09D1CE77AEC0064049F /* SingleCheckinTableViewCell.m in Sources */,
				84E64F6B1CD14BCF001A06A2 /* UIImage+Utilities.m in Sources */,
				84B9F9691CD3B6AF0088D718 /* TLNetworkManager+Authorization.m in Sources */,
				84E64F3C1CD0D747001A06A2 /* TLProfileViewController.m in Sources */,
				84AD1E901CDFB8CA0055CB87 /* ChangeProfileDataTableViewCell.m in Sources */,
				84D3B0981CE776170064049F /* CheckinsGraphicsTableViewCell.m in Sources */,
				8446AB4D1CD92625002B0C9C /* ProfileSettingsTableViewCell.m in Sources */,
				8446AB111CD8B10B002B0C9C /* DataStorageManager.m in Sources */,
				847D5D3E1CE6206A009157EE /* TLNetworkManager+Checkin.m in Sources */,
				847D5D4A1CE63B39009157EE /* Checkin+CoreDataProperties.m in Sources */,
				844F94521CDE24D80033647F /* UserViewController.m in Sources */,
				84E64EE01CD0C9E2001A06A2 /* main.m in Sources */,
				847D5D411CE62289009157EE /* DataStorageManager+Checkin.m in Sources */,
				84D3B0A21CE77B140064049F /* NoteTableViewCell.m in Sources */,
				84FDCFF51CDBF252006A9039 /* AlertViewController.m in Sources */,
				8446AB201CD8B52E002B0C9C /* User+CoreDataProperties.m in Sources */,
				84AD1E951CDFB8E50055CB87 /* ChangeProfileResultTableViewCell.m in Sources */,
				8446AB521CD936FB002B0C9C /* TableViewButton.m in Sources */,
				84E64EEC1CD0C9E2001A06A2 /* TimeLock_ios.xcdatamodeld in Sources */,
				847D5D4C1CE63B39009157EE /* Note+CoreDataProperties.m in Sources */,
				8446AB281CD8B58F002B0C9C /* Post+CoreDataProperties.m in Sources */,
				847D5D4D1CE63B39009157EE /* Note.m in Sources */,
			);
			runOnlyForDeploymentPostprocessing = 0;
		};
		84E64EF31CD0C9E2001A06A2 /* Sources */ = {
			isa = PBXSourcesBuildPhase;
			buildActionMask = 2147483647;
			files = (
				84E64EFC1CD0C9E2001A06A2 /* TimeLock_iosTests.m in Sources */,
			);
			runOnlyForDeploymentPostprocessing = 0;
		};
		84E64EFE1CD0C9E2001A06A2 /* Sources */ = {
			isa = PBXSourcesBuildPhase;
			buildActionMask = 2147483647;
			files = (
				84E64F071CD0C9E2001A06A2 /* TimeLock_iosUITests.m in Sources */,
			);
			runOnlyForDeploymentPostprocessing = 0;
		};
/* End PBXSourcesBuildPhase section */

/* Begin PBXTargetDependency section */
		84E64EF91CD0C9E2001A06A2 /* PBXTargetDependency */ = {
			isa = PBXTargetDependency;
			target = 84E64EDA1CD0C9E2001A06A2 /* TimeLock_ios */;
			targetProxy = 84E64EF81CD0C9E2001A06A2 /* PBXContainerItemProxy */;
		};
		84E64F041CD0C9E2001A06A2 /* PBXTargetDependency */ = {
			isa = PBXTargetDependency;
			target = 84E64EDA1CD0C9E2001A06A2 /* TimeLock_ios */;
			targetProxy = 84E64F031CD0C9E2001A06A2 /* PBXContainerItemProxy */;
		};
/* End PBXTargetDependency section */

/* Begin PBXVariantGroup section */
		84E64EE71CD0C9E2001A06A2 /* Main.storyboard */ = {
			isa = PBXVariantGroup;
			children = (
				84E64EE81CD0C9E2001A06A2 /* Base */,
				84E64F581CD0E5BD001A06A2 /* ru-RU */,
			);
			name = Main.storyboard;
			sourceTree = "<group>";
		};
		84E64EEF1CD0C9E2001A06A2 /* LaunchScreen.storyboard */ = {
			isa = PBXVariantGroup;
			children = (
				84E64EF01CD0C9E2001A06A2 /* Base */,
				84E64F571CD0E5BD001A06A2 /* ru-RU */,
			);
			name = LaunchScreen.storyboard;
			sourceTree = "<group>";
		};
		84E64F5B1CD0E5E2001A06A2 /* Localizable.strings */ = {
			isa = PBXVariantGroup;
			children = (
				84E64F5A1CD0E5E2001A06A2 /* en */,
				84E64F5C1CD0E606001A06A2 /* ru-RU */,
			);
			name = Localizable.strings;
			path = Resources/strings;
			sourceTree = "<group>";
		};
/* End PBXVariantGroup section */

/* Begin XCBuildConfiguration section */
		84E64F091CD0C9E2001A06A2 /* Debug */ = {
			isa = XCBuildConfiguration;
			buildSettings = {
				ALWAYS_SEARCH_USER_PATHS = NO;
				CLANG_ANALYZER_NONNULL = YES;
				CLANG_CXX_LANGUAGE_STANDARD = "gnu++0x";
				CLANG_CXX_LIBRARY = "libc++";
				CLANG_ENABLE_MODULES = YES;
				CLANG_ENABLE_OBJC_ARC = YES;
				CLANG_WARN_BOOL_CONVERSION = YES;
				CLANG_WARN_CONSTANT_CONVERSION = YES;
				CLANG_WARN_DIRECT_OBJC_ISA_USAGE = YES_ERROR;
				CLANG_WARN_EMPTY_BODY = YES;
				CLANG_WARN_ENUM_CONVERSION = YES;
				CLANG_WARN_INT_CONVERSION = YES;
				CLANG_WARN_OBJC_ROOT_CLASS = YES_ERROR;
				CLANG_WARN_UNREACHABLE_CODE = YES;
				CLANG_WARN__DUPLICATE_METHOD_MATCH = YES;
				"CODE_SIGN_IDENTITY[sdk=iphoneos*]" = "iPhone Developer";
				COPY_PHASE_STRIP = NO;
				DEBUG_INFORMATION_FORMAT = dwarf;
				ENABLE_STRICT_OBJC_MSGSEND = YES;
				ENABLE_TESTABILITY = YES;
				GCC_C_LANGUAGE_STANDARD = gnu99;
				GCC_DYNAMIC_NO_PIC = NO;
				GCC_NO_COMMON_BLOCKS = YES;
				GCC_OPTIMIZATION_LEVEL = 0;
				GCC_PREPROCESSOR_DEFINITIONS = (
					"DEBUG=1",
					"$(inherited)",
				);
				GCC_WARN_64_TO_32_BIT_CONVERSION = YES;
				GCC_WARN_ABOUT_RETURN_TYPE = YES_ERROR;
				GCC_WARN_UNDECLARED_SELECTOR = YES;
				GCC_WARN_UNINITIALIZED_AUTOS = YES_AGGRESSIVE;
				GCC_WARN_UNUSED_FUNCTION = YES;
				GCC_WARN_UNUSED_VARIABLE = YES;
				IPHONEOS_DEPLOYMENT_TARGET = 9.3;
				MTL_ENABLE_DEBUG_INFO = YES;
				ONLY_ACTIVE_ARCH = YES;
				SDKROOT = iphoneos;
			};
			name = Debug;
		};
		84E64F0A1CD0C9E2001A06A2 /* Release */ = {
			isa = XCBuildConfiguration;
			buildSettings = {
				ALWAYS_SEARCH_USER_PATHS = NO;
				CLANG_ANALYZER_NONNULL = YES;
				CLANG_CXX_LANGUAGE_STANDARD = "gnu++0x";
				CLANG_CXX_LIBRARY = "libc++";
				CLANG_ENABLE_MODULES = YES;
				CLANG_ENABLE_OBJC_ARC = YES;
				CLANG_WARN_BOOL_CONVERSION = YES;
				CLANG_WARN_CONSTANT_CONVERSION = YES;
				CLANG_WARN_DIRECT_OBJC_ISA_USAGE = YES_ERROR;
				CLANG_WARN_EMPTY_BODY = YES;
				CLANG_WARN_ENUM_CONVERSION = YES;
				CLANG_WARN_INT_CONVERSION = YES;
				CLANG_WARN_OBJC_ROOT_CLASS = YES_ERROR;
				CLANG_WARN_UNREACHABLE_CODE = YES;
				CLANG_WARN__DUPLICATE_METHOD_MATCH = YES;
				"CODE_SIGN_IDENTITY[sdk=iphoneos*]" = "iPhone Developer";
				COPY_PHASE_STRIP = NO;
				DEBUG_INFORMATION_FORMAT = "dwarf-with-dsym";
				ENABLE_NS_ASSERTIONS = NO;
				ENABLE_STRICT_OBJC_MSGSEND = YES;
				GCC_C_LANGUAGE_STANDARD = gnu99;
				GCC_NO_COMMON_BLOCKS = YES;
				GCC_WARN_64_TO_32_BIT_CONVERSION = YES;
				GCC_WARN_ABOUT_RETURN_TYPE = YES_ERROR;
				GCC_WARN_UNDECLARED_SELECTOR = YES;
				GCC_WARN_UNINITIALIZED_AUTOS = YES_AGGRESSIVE;
				GCC_WARN_UNUSED_FUNCTION = YES;
				GCC_WARN_UNUSED_VARIABLE = YES;
				IPHONEOS_DEPLOYMENT_TARGET = 9.3;
				MTL_ENABLE_DEBUG_INFO = NO;
				SDKROOT = iphoneos;
				VALIDATE_PRODUCT = YES;
			};
			name = Release;
		};
		84E64F0C1CD0C9E2001A06A2 /* Debug */ = {
			isa = XCBuildConfiguration;
			baseConfigurationReference = 4BCCE95DC71BC71C140984B0 /* Pods-TimeLock_ios.debug.xcconfig */;
			buildSettings = {
				ASSETCATALOG_COMPILER_APPICON_NAME = AppIcon;
				GCC_PRECOMPILE_PREFIX_HEADER = NO;
				GCC_PREFIX_HEADER = TimeLock_ios/TimeLockPrefixHeader.pch;
				INFOPLIST_FILE = TimeLock_ios/Info.plist;
				LD_RUNPATH_SEARCH_PATHS = "$(inherited) @executable_path/Frameworks";
				PRODUCT_BUNDLE_IDENTIFIER = "chausov.TimeLock-ios";
				PRODUCT_NAME = "$(TARGET_NAME)";
			};
			name = Debug;
		};
		84E64F0D1CD0C9E2001A06A2 /* Release */ = {
			isa = XCBuildConfiguration;
			baseConfigurationReference = D4C3556512062F74C2EE573D /* Pods-TimeLock_ios.release.xcconfig */;
			buildSettings = {
				ASSETCATALOG_COMPILER_APPICON_NAME = AppIcon;
				GCC_PRECOMPILE_PREFIX_HEADER = NO;
				GCC_PREFIX_HEADER = TimeLock_ios/TimeLockPrefixHeader.pch;
				INFOPLIST_FILE = TimeLock_ios/Info.plist;
				LD_RUNPATH_SEARCH_PATHS = "$(inherited) @executable_path/Frameworks";
				PRODUCT_BUNDLE_IDENTIFIER = "chausov.TimeLock-ios";
				PRODUCT_NAME = "$(TARGET_NAME)";
			};
			name = Release;
		};
		84E64F0F1CD0C9E2001A06A2 /* Debug */ = {
			isa = XCBuildConfiguration;
			buildSettings = {
				BUNDLE_LOADER = "$(TEST_HOST)";
				INFOPLIST_FILE = TimeLock_iosTests/Info.plist;
				LD_RUNPATH_SEARCH_PATHS = "$(inherited) @executable_path/Frameworks @loader_path/Frameworks";
				PRODUCT_BUNDLE_IDENTIFIER = "chausov.TimeLock-iosTests";
				PRODUCT_NAME = "$(TARGET_NAME)";
				TEST_HOST = "$(BUILT_PRODUCTS_DIR)/TimeLock_ios.app/TimeLock_ios";
			};
			name = Debug;
		};
		84E64F101CD0C9E2001A06A2 /* Release */ = {
			isa = XCBuildConfiguration;
			buildSettings = {
				BUNDLE_LOADER = "$(TEST_HOST)";
				INFOPLIST_FILE = TimeLock_iosTests/Info.plist;
				LD_RUNPATH_SEARCH_PATHS = "$(inherited) @executable_path/Frameworks @loader_path/Frameworks";
				PRODUCT_BUNDLE_IDENTIFIER = "chausov.TimeLock-iosTests";
				PRODUCT_NAME = "$(TARGET_NAME)";
				TEST_HOST = "$(BUILT_PRODUCTS_DIR)/TimeLock_ios.app/TimeLock_ios";
			};
			name = Release;
		};
		84E64F121CD0C9E2001A06A2 /* Debug */ = {
			isa = XCBuildConfiguration;
			buildSettings = {
				INFOPLIST_FILE = TimeLock_iosUITests/Info.plist;
				LD_RUNPATH_SEARCH_PATHS = "$(inherited) @executable_path/Frameworks @loader_path/Frameworks";
				PRODUCT_BUNDLE_IDENTIFIER = "chausov.TimeLock-iosUITests";
				PRODUCT_NAME = "$(TARGET_NAME)";
				TEST_TARGET_NAME = TimeLock_ios;
			};
			name = Debug;
		};
		84E64F131CD0C9E2001A06A2 /* Release */ = {
			isa = XCBuildConfiguration;
			buildSettings = {
				INFOPLIST_FILE = TimeLock_iosUITests/Info.plist;
				LD_RUNPATH_SEARCH_PATHS = "$(inherited) @executable_path/Frameworks @loader_path/Frameworks";
				PRODUCT_BUNDLE_IDENTIFIER = "chausov.TimeLock-iosUITests";
				PRODUCT_NAME = "$(TARGET_NAME)";
				TEST_TARGET_NAME = TimeLock_ios;
			};
			name = Release;
		};
/* End XCBuildConfiguration section */

/* Begin XCConfigurationList section */
		84E64ED61CD0C9E1001A06A2 /* Build configuration list for PBXProject "TimeLock_ios" */ = {
			isa = XCConfigurationList;
			buildConfigurations = (
				84E64F091CD0C9E2001A06A2 /* Debug */,
				84E64F0A1CD0C9E2001A06A2 /* Release */,
			);
			defaultConfigurationIsVisible = 0;
			defaultConfigurationName = Release;
		};
		84E64F0B1CD0C9E2001A06A2 /* Build configuration list for PBXNativeTarget "TimeLock_ios" */ = {
			isa = XCConfigurationList;
			buildConfigurations = (
				84E64F0C1CD0C9E2001A06A2 /* Debug */,
				84E64F0D1CD0C9E2001A06A2 /* Release */,
			);
			defaultConfigurationIsVisible = 0;
			defaultConfigurationName = Release;
		};
		84E64F0E1CD0C9E2001A06A2 /* Build configuration list for PBXNativeTarget "TimeLock_iosTests" */ = {
			isa = XCConfigurationList;
			buildConfigurations = (
				84E64F0F1CD0C9E2001A06A2 /* Debug */,
				84E64F101CD0C9E2001A06A2 /* Release */,
			);
			defaultConfigurationIsVisible = 0;
			defaultConfigurationName = Release;
		};
		84E64F111CD0C9E2001A06A2 /* Build configuration list for PBXNativeTarget "TimeLock_iosUITests" */ = {
			isa = XCConfigurationList;
			buildConfigurations = (
				84E64F121CD0C9E2001A06A2 /* Debug */,
				84E64F131CD0C9E2001A06A2 /* Release */,
			);
			defaultConfigurationIsVisible = 0;
			defaultConfigurationName = Release;
		};
/* End XCConfigurationList section */

/* Begin XCVersionGroup section */
		84E64EEA1CD0C9E2001A06A2 /* TimeLock_ios.xcdatamodeld */ = {
			isa = XCVersionGroup;
			children = (
				84E64EEB1CD0C9E2001A06A2 /* TimeLock_ios.xcdatamodel */,
			);
			currentVersion = 84E64EEB1CD0C9E2001A06A2 /* TimeLock_ios.xcdatamodel */;
			path = TimeLock_ios.xcdatamodeld;
			sourceTree = "<group>";
			versionGroupType = wrapper.xcdatamodel;
		};
/* End XCVersionGroup section */
	};
	rootObject = 84E64ED31CD0C9E1001A06A2 /* Project object */;
}
